// !$*UTF8*$!
{
	archiveVersion = 1;
	classes = {
	};
	objectVersion = 50;
	objects = {

/* Begin PBXBuildFile section */
		3802749C2280541C00E7E5AC /* Coordinator+StateChanges.swift in Sources */ = {isa = PBXBuildFile; fileRef = 3802749B2280541C00E7E5AC /* Coordinator+StateChanges.swift */; };
		38051CCC2253B14F00D9E763 /* iPadMain.storyboard in Resources */ = {isa = PBXBuildFile; fileRef = 38051CCB2253B14F00D9E763 /* iPadMain.storyboard */; };
		38051CCE2253B90900D9E763 /* StudioLayout.swift in Sources */ = {isa = PBXBuildFile; fileRef = 38051CCD2253B90900D9E763 /* StudioLayout.swift */; };
		38051CD02253C28B00D9E763 /* StudiolLayoutIPad.swift in Sources */ = {isa = PBXBuildFile; fileRef = 38051CCF2253C28B00D9E763 /* StudiolLayoutIPad.swift */; };
		380BC9962231C3B5007F87FE /* LayerModel.swift in Sources */ = {isa = PBXBuildFile; fileRef = 380BC9952231C3B5007F87FE /* LayerModel.swift */; };
		380BC9982231C40D007F87FE /* LayerFrame.swift in Sources */ = {isa = PBXBuildFile; fileRef = 380BC9972231C40D007F87FE /* LayerFrame.swift */; };
		380C78F82232C1BE006B8F8D /* BlankLayerModel.swift in Sources */ = {isa = PBXBuildFile; fileRef = 380C78F72232C1BE006B8F8D /* BlankLayerModel.swift */; };
		380C78FA2232C454006B8F8D /* BackingImageView.swift in Sources */ = {isa = PBXBuildFile; fileRef = 380C78F92232C454006B8F8D /* BackingImageView.swift */; };
		380C78FC2232C4C4006B8F8D /* ViewGesture.swift in Sources */ = {isa = PBXBuildFile; fileRef = 380C78FB2232C4C4006B8F8D /* ViewGesture.swift */; };
		380C78FE2232CA9E006B8F8D /* ImageModel.swift in Sources */ = {isa = PBXBuildFile; fileRef = 380C78FD2232CA9E006B8F8D /* ImageModel.swift */; };
		380C79002232D8EB006B8F8D /* WrapperView.swift in Sources */ = {isa = PBXBuildFile; fileRef = 380C78FF2232D8EB006B8F8D /* WrapperView.swift */; };
		38115327224D0AC200DA7D3B /* Style.swift in Sources */ = {isa = PBXBuildFile; fileRef = 38115326224D0AC200DA7D3B /* Style.swift */; };
		38115329224D0CE900DA7D3B /* ShapeModel.swift in Sources */ = {isa = PBXBuildFile; fileRef = 38115328224D0CE900DA7D3B /* ShapeModel.swift */; };
		3811532C224D0E5B00DA7D3B /* RectView.swift in Sources */ = {isa = PBXBuildFile; fileRef = 3811532B224D0E5B00DA7D3B /* RectView.swift */; };
		3811532E224D17B000DA7D3B /* StyleSelectors.swift in Sources */ = {isa = PBXBuildFile; fileRef = 3811532D224D17B000DA7D3B /* StyleSelectors.swift */; };
		38115330224D228400DA7D3B /* SuperRectView.swift in Sources */ = {isa = PBXBuildFile; fileRef = 3811532F224D228400DA7D3B /* SuperRectView.swift */; };
		381865B5223C9972006C0C56 /* LayerStack.swift in Sources */ = {isa = PBXBuildFile; fileRef = 381865B4223C9972006C0C56 /* LayerStack.swift */; };
		381865B8223C9E1F006C0C56 /* StackCell.swift in Sources */ = {isa = PBXBuildFile; fileRef = 381865B6223C9E1F006C0C56 /* StackCell.swift */; };
		381865B9223C9E1F006C0C56 /* StackCell.xib in Resources */ = {isa = PBXBuildFile; fileRef = 381865B7223C9E1F006C0C56 /* StackCell.xib */; };
		381865BB223CF457006C0C56 /* Generic+Protocols.swift in Sources */ = {isa = PBXBuildFile; fileRef = 381865BA223CF457006C0C56 /* Generic+Protocols.swift */; };
		381865BD223CF736006C0C56 /* Aliases.swift in Sources */ = {isa = PBXBuildFile; fileRef = 381865BC223CF736006C0C56 /* Aliases.swift */; };
		381865BF223CFC5E006C0C56 /* StudioVCTests.swift in Sources */ = {isa = PBXBuildFile; fileRef = 381865BE223CFC5E006C0C56 /* StudioVCTests.swift */; };
		3818DACF227087B800202C14 /* StudioModel.swift in Sources */ = {isa = PBXBuildFile; fileRef = 3818DACE227087B800202C14 /* StudioModel.swift */; };
		3818DAD1227091C200202C14 /* StudioColor.swift in Sources */ = {isa = PBXBuildFile; fileRef = 3818DAD0227091C200202C14 /* StudioColor.swift */; };
		3818DAD32270D2AF00202C14 /* StudioFont.swift in Sources */ = {isa = PBXBuildFile; fileRef = 3818DAD22270D2AF00202C14 /* StudioFont.swift */; };
		3818DAD62270EAFB00202C14 /* Persistence.swift in Sources */ = {isa = PBXBuildFile; fileRef = 3818DAD52270EAFB00202C14 /* Persistence.swift */; };
		3818DAD82270F63F00202C14 /* BaseModel.swift in Sources */ = {isa = PBXBuildFile; fileRef = 3818DAD72270F63F00202C14 /* BaseModel.swift */; };
		3818DADA2270FCF000202C14 /* BaseModelCollection.swift in Sources */ = {isa = PBXBuildFile; fileRef = 3818DAD92270FCF000202C14 /* BaseModelCollection.swift */; };
		3818DADC2271127900202C14 /* FileManager+Extensions.swift in Sources */ = {isa = PBXBuildFile; fileRef = 3818DADB2271127900202C14 /* FileManager+Extensions.swift */; };
		3818DADE227112DE00202C14 /* Saving.swift in Sources */ = {isa = PBXBuildFile; fileRef = 3818DADD227112DE00202C14 /* Saving.swift */; };
		3823655E223FA6D00078A723 /* GroupWrapperView.swift in Sources */ = {isa = PBXBuildFile; fileRef = 3823655D223FA6D00078A723 /* GroupWrapperView.swift */; };
		38236561223FEB640078A723 /* +StateChangeable.swift in Sources */ = {isa = PBXBuildFile; fileRef = 38236560223FEB640078A723 /* +StateChangeable.swift */; };
		38236563223FFE260078A723 /* Cropview.swift in Sources */ = {isa = PBXBuildFile; fileRef = 38236562223FFE260078A723 /* Cropview.swift */; };
		38236565224045390078A723 /* ResizableView.swift in Sources */ = {isa = PBXBuildFile; fileRef = 38236564224045390078A723 /* ResizableView.swift */; };
		3823656D2240674F0078A723 /* +Resizing.swift in Sources */ = {isa = PBXBuildFile; fileRef = 3823656C2240674F0078A723 /* +Resizing.swift */; };
		382365752240ED9A0078A723 /* UIColor+Tweak.m in Sources */ = {isa = PBXBuildFile; fileRef = 382365722240ED990078A723 /* UIColor+Tweak.m */; };
		382365762240ED9A0078A723 /* PhotoTweakView.m in Sources */ = {isa = PBXBuildFile; fileRef = 382365732240ED990078A723 /* PhotoTweakView.m */; };
		382365772240ED9A0078A723 /* PhotoTweaksViewController.m in Sources */ = {isa = PBXBuildFile; fileRef = 382365742240ED990078A723 /* PhotoTweaksViewController.m */; };
		3826512D227E4A78003D2E19 /* RotationView.swift in Sources */ = {isa = PBXBuildFile; fileRef = 3826512C227E4A78003D2E19 /* RotationView.swift */; };
		38265130227EF703003D2E19 /* Canvas.swift in Sources */ = {isa = PBXBuildFile; fileRef = 3826512F227EF703003D2E19 /* Canvas.swift */; };
		3833521F22819CF800DA6857 /* SPUserResizableView.m in Sources */ = {isa = PBXBuildFile; fileRef = 3833521E22819CF800DA6857 /* SPUserResizableView.m */; };
		384B9DA422366202007B4BD0 /* ImagePanel.swift in Sources */ = {isa = PBXBuildFile; fileRef = 384B9DA322366202007B4BD0 /* ImagePanel.swift */; };
		384B9DA622369908007B4BD0 /* CloseButton.swift in Sources */ = {isa = PBXBuildFile; fileRef = 384B9DA522369908007B4BD0 /* CloseButton.swift */; };
		384B9DA82236E903007B4BD0 /* QPreviewView.swift in Sources */ = {isa = PBXBuildFile; fileRef = 384B9DA72236E903007B4BD0 /* QPreviewView.swift */; };
		385BB9AE225E20F6009541A3 /* UIScreen+Extensions.swift in Sources */ = {isa = PBXBuildFile; fileRef = 385BB9AD225E20F6009541A3 /* UIScreen+Extensions.swift */; };
		385D3067225A2BBB0054694A /* AssetGridViewController.swift in Sources */ = {isa = PBXBuildFile; fileRef = 385D3066225A2BBB0054694A /* AssetGridViewController.swift */; };
		385D306A225A2C9D0054694A /* GridViewCell.swift in Sources */ = {isa = PBXBuildFile; fileRef = 385D3068225A2C9D0054694A /* GridViewCell.swift */; };
		385D306B225A2C9D0054694A /* GridViewCell.xib in Resources */ = {isa = PBXBuildFile; fileRef = 385D3069225A2C9D0054694A /* GridViewCell.xib */; };
		3861A4A3222691B70040D819 /* ImagesVC.swift in Sources */ = {isa = PBXBuildFile; fileRef = 3861A4A2222691B70040D819 /* ImagesVC.swift */; };
		38661AFB2249088300440AC7 /* ShapesCell.swift in Sources */ = {isa = PBXBuildFile; fileRef = 38661AF92249088300440AC7 /* ShapesCell.swift */; };
		38661AFC2249088300440AC7 /* ShapesCell.xib in Resources */ = {isa = PBXBuildFile; fileRef = 38661AFA2249088300440AC7 /* ShapesCell.xib */; };
		38661AFF224B964100440AC7 /* StylingPanel.swift in Sources */ = {isa = PBXBuildFile; fileRef = 38661AFE224B964100440AC7 /* StylingPanel.swift */; };
		38661B01224BE85A00440AC7 /* ShadowView.swift in Sources */ = {isa = PBXBuildFile; fileRef = 38661B00224BE85A00440AC7 /* ShadowView.swift */; };
		38661B03224BE89E00440AC7 /* BorderPanel.swift in Sources */ = {isa = PBXBuildFile; fileRef = 38661B02224BE89E00440AC7 /* BorderPanel.swift */; };
		38661B05224BE8DB00440AC7 /* CornersPanel.swift in Sources */ = {isa = PBXBuildFile; fileRef = 38661B04224BE8DB00440AC7 /* CornersPanel.swift */; };
		38661B08224BF44200440AC7 /* Protocols.swift in Sources */ = {isa = PBXBuildFile; fileRef = 38661B07224BF44200440AC7 /* Protocols.swift */; };
		38661B0A224BF4E000440AC7 /* LayoutProperty.swift in Sources */ = {isa = PBXBuildFile; fileRef = 38661B09224BF4E000440AC7 /* LayoutProperty.swift */; };
		38661B0C224C06E900440AC7 /* Opereators.swift in Sources */ = {isa = PBXBuildFile; fileRef = 38661B0B224C06E900440AC7 /* Opereators.swift */; };
		38661B0F224C42D300440AC7 /* StudioTabCells.swift in Sources */ = {isa = PBXBuildFile; fileRef = 38661B0D224C42D300440AC7 /* StudioTabCells.swift */; };
		38661B10224C42D300440AC7 /* StudioTabCells.xib in Resources */ = {isa = PBXBuildFile; fileRef = 38661B0E224C42D300440AC7 /* StudioTabCells.xib */; };
		38686D2522771F5000349E02 /* HomePageVC.swift in Sources */ = {isa = PBXBuildFile; fileRef = 38686D2422771F5000349E02 /* HomePageVC.swift */; };
		38686D2A2277406000349E02 /* TemplateCell.swift in Sources */ = {isa = PBXBuildFile; fileRef = 38686D282277406000349E02 /* TemplateCell.swift */; };
		38686D2B2277406000349E02 /* TemplateCell.xib in Resources */ = {isa = PBXBuildFile; fileRef = 38686D292277406000349E02 /* TemplateCell.xib */; };
		386F0B2F22414284009EF6A5 /* UIView+Extensions.swift in Sources */ = {isa = PBXBuildFile; fileRef = 386F0B2E22414284009EF6A5 /* UIView+Extensions.swift */; };
		38732A4C222EEA9100CDB703 /* String+Ex.swift in Sources */ = {isa = PBXBuildFile; fileRef = 38732A4B222EEA9100CDB703 /* String+Ex.swift */; };
		38732E95222FE10F00CDB703 /* TextDesignableInputView.swift in Sources */ = {isa = PBXBuildFile; fileRef = 38732E94222FE10F00CDB703 /* TextDesignableInputView.swift */; };
		38732E9822300DE700CDB703 /* FontCells.swift in Sources */ = {isa = PBXBuildFile; fileRef = 38732E9622300DE700CDB703 /* FontCells.swift */; };
		38732E9922300DE700CDB703 /* FontCells.xib in Resources */ = {isa = PBXBuildFile; fileRef = 38732E9722300DE700CDB703 /* FontCells.xib */; };
		38732E9B2230359500CDB703 /* LineView.swift in Sources */ = {isa = PBXBuildFile; fileRef = 38732E9A2230359500CDB703 /* LineView.swift */; };
		3873738C22452BBE00A1FB7B /* StudioEditorView.swift in Sources */ = {isa = PBXBuildFile; fileRef = 3873738B22452BBE00A1FB7B /* StudioEditorView.swift */; };
		38743D502257E49A00897B13 /* StudioTaskBarController.swift in Sources */ = {isa = PBXBuildFile; fileRef = 38743D4F2257E49A00897B13 /* StudioTaskBarController.swift */; };
		38743D522257E9E500897B13 /* iPadTabControl.swift in Sources */ = {isa = PBXBuildFile; fileRef = 38743D512257E9E500897B13 /* iPadTabControl.swift */; };
		38743D542257F59E00897B13 /* TaskBarControlsProxy.swift in Sources */ = {isa = PBXBuildFile; fileRef = 38743D532257F59E00897B13 /* TaskBarControlsProxy.swift */; };
		38743D562258072000897B13 /* EditingCoordinator.swift in Sources */ = {isa = PBXBuildFile; fileRef = 38743D552258072000897B13 /* EditingCoordinator.swift */; };
		38743D592258114500897B13 /* EditingCoordinatorDelegate.swift in Sources */ = {isa = PBXBuildFile; fileRef = 38743D582258114500897B13 /* EditingCoordinatorDelegate.swift */; };
		38797C2522309DAF003A9D99 /* Constraints.swift in Sources */ = {isa = PBXBuildFile; fileRef = 38797C2422309DAF003A9D99 /* Constraints.swift */; };
		38797C2722309E5A003A9D99 /* CollectionViewDelegates.swift in Sources */ = {isa = PBXBuildFile; fileRef = 38797C2622309E5A003A9D99 /* CollectionViewDelegates.swift */; };
		38797C2922309E83003A9D99 /* Selectors.swift in Sources */ = {isa = PBXBuildFile; fileRef = 38797C2822309E83003A9D99 /* Selectors.swift */; };
		388BE2F622299B01005BF44B /* CGPoint+Literals.swift in Sources */ = {isa = PBXBuildFile; fileRef = 388BE2F122299B01005BF44B /* CGPoint+Literals.swift */; };
		388BE2F722299B01005BF44B /* CGSize+Literals.swift in Sources */ = {isa = PBXBuildFile; fileRef = 388BE2F222299B01005BF44B /* CGSize+Literals.swift */; };
		388BE2F822299B01005BF44B /* UIEdgeInsets+Literals.swift in Sources */ = {isa = PBXBuildFile; fileRef = 388BE2F322299B01005BF44B /* UIEdgeInsets+Literals.swift */; };
		388BE2F922299B01005BF44B /* UIOffset+Literals.swift in Sources */ = {isa = PBXBuildFile; fileRef = 388BE2F422299B01005BF44B /* UIOffset+Literals.swift */; };
		388BE2FA22299B01005BF44B /* CGRect+Literals.swift in Sources */ = {isa = PBXBuildFile; fileRef = 388BE2F522299B01005BF44B /* CGRect+Literals.swift */; };
		388BE2FC2229A458005BF44B /* BaseView.swift in Sources */ = {isa = PBXBuildFile; fileRef = 388BE2FB2229A458005BF44B /* BaseView.swift */; };
		388BE315222ABBA5005BF44B /* PreviewView.swift in Sources */ = {isa = PBXBuildFile; fileRef = 388BE30E222ABBA5005BF44B /* PreviewView.swift */; };
		388BE316222ABBA5005BF44B /* ColorSlider.swift in Sources */ = {isa = PBXBuildFile; fileRef = 388BE30F222ABBA5005BF44B /* ColorSlider.swift */; };
		388BE317222ABBA5005BF44B /* Gradient.swift in Sources */ = {isa = PBXBuildFile; fileRef = 388BE310222ABBA5005BF44B /* Gradient.swift */; };
		388BE318222ABBA5005BF44B /* ColorSliderExtensions.swift in Sources */ = {isa = PBXBuildFile; fileRef = 388BE311222ABBA5005BF44B /* ColorSliderExtensions.swift */; };
		388BE319222ABBA5005BF44B /* GradientView.swift in Sources */ = {isa = PBXBuildFile; fileRef = 388BE312222ABBA5005BF44B /* GradientView.swift */; };
		388BE31A222ABBA5005BF44B /* HSBColor.swift in Sources */ = {isa = PBXBuildFile; fileRef = 388BE313222ABBA5005BF44B /* HSBColor.swift */; };
		388BE31B222ABBA5005BF44B /* DefaultPreviewView.swift in Sources */ = {isa = PBXBuildFile; fileRef = 388BE314222ABBA5005BF44B /* DefaultPreviewView.swift */; };
		388BE31D222ABC94005BF44B /* ColorSliderPanel.swift in Sources */ = {isa = PBXBuildFile; fileRef = 388BE31C222ABC94005BF44B /* ColorSliderPanel.swift */; };
		388BE31F222AC007005BF44B /* OptionsStack.swift in Sources */ = {isa = PBXBuildFile; fileRef = 388BE31E222AC007005BF44B /* OptionsStack.swift */; };
		388BE321222AC23C005BF44B /* OptionsButtonView.swift in Sources */ = {isa = PBXBuildFile; fileRef = 388BE320222AC23C005BF44B /* OptionsButtonView.swift */; };
		388BE323222AC376005BF44B /* CreateOptions.swift in Sources */ = {isa = PBXBuildFile; fileRef = 388BE322222AC376005BF44B /* CreateOptions.swift */; };
		388BE326222AD4E8005BF44B /* QMEngine.swift in Sources */ = {isa = PBXBuildFile; fileRef = 388BE325222AD4E8005BF44B /* QMEngine.swift */; };
		388BE328222ADC6F005BF44B /* AlphaSliderView.swift in Sources */ = {isa = PBXBuildFile; fileRef = 388BE327222ADC6F005BF44B /* AlphaSliderView.swift */; };
		388BE330222B0771005BF44B /* Fonts.swift in Sources */ = {isa = PBXBuildFile; fileRef = 388BE32F222B0771005BF44B /* Fonts.swift */; };
		388BE331222B0A16005BF44B /* painter.ttf in Resources */ = {isa = PBXBuildFile; fileRef = 388BE32E222B0700005BF44B /* painter.ttf */; };
		388BE332222B0C5D005BF44B /* snow.ttf in Resources */ = {isa = PBXBuildFile; fileRef = 388BE32D222B06BC005BF44B /* snow.ttf */; };
		388BE333222B0C61005BF44B /* candy.otf in Resources */ = {isa = PBXBuildFile; fileRef = 388BE32C222B069D005BF44B /* candy.otf */; };
		388BE334222B0C65005BF44B /* fontjek.ttf in Resources */ = {isa = PBXBuildFile; fileRef = 388BE32B222B067A005BF44B /* fontjek.ttf */; };
		388BE336222B2135005BF44B /* BackingGradientlayer.swift in Sources */ = {isa = PBXBuildFile; fileRef = 388BE335222B2135005BF44B /* BackingGradientlayer.swift */; };
		388BE338222B369E005BF44B /* GradientPanel.swift in Sources */ = {isa = PBXBuildFile; fileRef = 388BE337222B369E005BF44B /* GradientPanel.swift */; };
		388BE33A222B39D4005BF44B /* BasicLabel.swift in Sources */ = {isa = PBXBuildFile; fileRef = 388BE339222B39D4005BF44B /* BasicLabel.swift */; };
		388BE33C222BB5AD005BF44B /* MaterialView.swift in Sources */ = {isa = PBXBuildFile; fileRef = 388BE33B222BB5AD005BF44B /* MaterialView.swift */; };
		388BE33E222BBFDE005BF44B /* GradientModel.swift in Sources */ = {isa = PBXBuildFile; fileRef = 388BE33D222BBFDE005BF44B /* GradientModel.swift */; };
		388BE340222C2E7F005BF44B /* EditorPanel.swift in Sources */ = {isa = PBXBuildFile; fileRef = 388BE33F222C2E7F005BF44B /* EditorPanel.swift */; };
		388BE343222C3188005BF44B /* PanelCell.swift in Sources */ = {isa = PBXBuildFile; fileRef = 388BE341222C3188005BF44B /* PanelCell.swift */; };
		388BE344222C3188005BF44B /* PanelCell.xib in Resources */ = {isa = PBXBuildFile; fileRef = 388BE342222C3188005BF44B /* PanelCell.xib */; };
		388BE346222C4FB6005BF44B /* DoneButton.swift in Sources */ = {isa = PBXBuildFile; fileRef = 388BE345222C4FB6005BF44B /* DoneButton.swift */; };
		388BE384222E7AD8005BF44B /* PointControlPad.swift in Sources */ = {isa = PBXBuildFile; fileRef = 388BE383222E7AD8005BF44B /* PointControlPad.swift */; };
		388BE386222E93D0005BF44B /* PointControlview.swift in Sources */ = {isa = PBXBuildFile; fileRef = 388BE385222E93D0005BF44B /* PointControlview.swift */; };
		388BE388222EB35A005BF44B /* TextBackingLayer.swift in Sources */ = {isa = PBXBuildFile; fileRef = 388BE387222EB35A005BF44B /* TextBackingLayer.swift */; };
		388BE38A222EB50B005BF44B /* TextModel.swift in Sources */ = {isa = PBXBuildFile; fileRef = 388BE389222EB50B005BF44B /* TextModel.swift */; };
		388BE38C222EC1C0005BF44B /* BackingTextView.swift in Sources */ = {isa = PBXBuildFile; fileRef = 388BE38B222EC1C0005BF44B /* BackingTextView.swift */; };
		389537CB2268AC37000B4E9D /* StateUpdate.swift in Sources */ = {isa = PBXBuildFile; fileRef = 389537CA2268AC37000B4E9D /* StateUpdate.swift */; };
		3896507B2242C154009434B4 /* Layout.swift in Sources */ = {isa = PBXBuildFile; fileRef = 3896507A2242C154009434B4 /* Layout.swift */; };
		3896507D2242C193009434B4 /* Actions.swift in Sources */ = {isa = PBXBuildFile; fileRef = 3896507C2242C193009434B4 /* Actions.swift */; };
		3896507F2242DD7F009434B4 /* States.swift in Sources */ = {isa = PBXBuildFile; fileRef = 3896507E2242DD7F009434B4 /* States.swift */; };
		389B938D222766BB009FE9E6 /* QMImageBackingLayer.swift in Sources */ = {isa = PBXBuildFile; fileRef = 389B938C222766BB009FE9E6 /* QMImageBackingLayer.swift */; };
		389B938F2227689E009FE9E6 /* Utils.swift in Sources */ = {isa = PBXBuildFile; fileRef = 389B938E2227689E009FE9E6 /* Utils.swift */; };
		389B9392222769CD009FE9E6 /* Dimensions.swift in Sources */ = {isa = PBXBuildFile; fileRef = 389B9391222769CD009FE9E6 /* Dimensions.swift */; };
		389B939422276B55009FE9E6 /* StudioVC.swift in Sources */ = {isa = PBXBuildFile; fileRef = 389B939322276B55009FE9E6 /* StudioVC.swift */; };
		389B939622276BAD009FE9E6 /* Extensions.swift in Sources */ = {isa = PBXBuildFile; fileRef = 389B939522276BAD009FE9E6 /* Extensions.swift */; };
		389B939822277A77009FE9E6 /* CreateButton.swift in Sources */ = {isa = PBXBuildFile; fileRef = 389B939722277A77009FE9E6 /* CreateButton.swift */; };
		389B939A2227834E009FE9E6 /* BlankBackingLayer.swift in Sources */ = {isa = PBXBuildFile; fileRef = 389B93992227834E009FE9E6 /* BlankBackingLayer.swift */; };
		38A6687C223E8E3D00F29F52 /* Elysium.swift in Sources */ = {isa = PBXBuildFile; fileRef = 38A6687B223E8E3D00F29F52 /* Elysium.swift */; };
		38A6687E223EED7C00F29F52 /* Colors.swift in Sources */ = {isa = PBXBuildFile; fileRef = 38A6687D223EED7C00F29F52 /* Colors.swift */; };
		38AA311522442AF50050604A /* BaseContentView.swift in Sources */ = {isa = PBXBuildFile; fileRef = 38AA311422442AF50050604A /* BaseContentView.swift */; };
		38C2E4022265A39000EE5DEB /* ControlPanelStack.swift in Sources */ = {isa = PBXBuildFile; fileRef = 38C2E4012265A39000EE5DEB /* ControlPanelStack.swift */; };
		38C2E4042266180400EE5DEB /* StackPanelVC.swift in Sources */ = {isa = PBXBuildFile; fileRef = 38C2E4032266180400EE5DEB /* StackPanelVC.swift */; };
		38C697F5225D05FA009C8CCD /* PickerNavController.swift in Sources */ = {isa = PBXBuildFile; fileRef = 38C697F4225D05FA009C8CCD /* PickerNavController.swift */; };
		38C80FB9223A837C00150FD4 /* StudioTab.swift in Sources */ = {isa = PBXBuildFile; fileRef = 38C80FB8223A837C00150FD4 /* StudioTab.swift */; };
		38C80FBD223A904700150FD4 /* StateProtocol.swift in Sources */ = {isa = PBXBuildFile; fileRef = 38C80FBC223A904700150FD4 /* StateProtocol.swift */; };
		38C80FBF223A98B900150FD4 /* StateChangeControl.swift in Sources */ = {isa = PBXBuildFile; fileRef = 38C80FBE223A98B900150FD4 /* StateChangeControl.swift */; };
		38C80FC2223B073700150FD4 /* Studio+Extensions.swift in Sources */ = {isa = PBXBuildFile; fileRef = 38C80FC1223B073700150FD4 /* Studio+Extensions.swift */; };
		38C80FC4223BFAA200150FD4 /* Subscriptions.swift in Sources */ = {isa = PBXBuildFile; fileRef = 38C80FC3223BFAA200150FD4 /* Subscriptions.swift */; };
		38C80FC6223C453D00150FD4 /* TabControl.swift in Sources */ = {isa = PBXBuildFile; fileRef = 38C80FC5223C453D00150FD4 /* TabControl.swift */; };
		38CFAAB222878CCD00D40330 /* ZoomableUIView.swift in Sources */ = {isa = PBXBuildFile; fileRef = 38CFAAB022878CCD00D40330 /* ZoomableUIView.swift */; };
		38CFAAB322878CCD00D40330 /* CGAffineTransform.swift in Sources */ = {isa = PBXBuildFile; fileRef = 38CFAAB122878CCD00D40330 /* CGAffineTransform.swift */; };
		38D54E1F223930E3009FCF9A /* CustomAlbum.swift in Sources */ = {isa = PBXBuildFile; fileRef = 38D54E1E223930E3009FCF9A /* CustomAlbum.swift */; };
		38D97D722251932700B941A0 /* CornersStack.swift in Sources */ = {isa = PBXBuildFile; fileRef = 38D97D712251932700B941A0 /* CornersStack.swift */; };
		38D97D7822522D3600B941A0 /* State.swift in Sources */ = {isa = PBXBuildFile; fileRef = 38D97D7722522D3600B941A0 /* State.swift */; };
		38F13A052254360E002C4109 /* CollapsibleTableSectionViewController.swift in Sources */ = {isa = PBXBuildFile; fileRef = 38F13A032254360D002C4109 /* CollapsibleTableSectionViewController.swift */; };
		38F13A062254360E002C4109 /* CollapsibleTableViewHeader.swift in Sources */ = {isa = PBXBuildFile; fileRef = 38F13A042254360E002C4109 /* CollapsibleTableViewHeader.swift */; };
		38F13A0A225436D9002C4109 /* ContolPanelTable.swift in Sources */ = {isa = PBXBuildFile; fileRef = 38F13A09225436D9002C4109 /* ContolPanelTable.swift */; };
		38F13A0D2254B6FF002C4109 /* PanelContainerCell.swift in Sources */ = {isa = PBXBuildFile; fileRef = 38F13A0B2254B6FF002C4109 /* PanelContainerCell.swift */; };
		38F13A0E2254B6FF002C4109 /* PanelContainerCell.xib in Resources */ = {isa = PBXBuildFile; fileRef = 38F13A0C2254B6FF002C4109 /* PanelContainerCell.xib */; };
		38F13A102254C855002C4109 /* iPadStudioVC.swift in Sources */ = {isa = PBXBuildFile; fileRef = 38F13A0F2254C855002C4109 /* iPadStudioVC.swift */; };
		38FEDBEA222352D90005EB60 /* AppDelegate.swift in Sources */ = {isa = PBXBuildFile; fileRef = 38FEDBE9222352D90005EB60 /* AppDelegate.swift */; };
		38FEDBEF222352D90005EB60 /* Main.storyboard in Resources */ = {isa = PBXBuildFile; fileRef = 38FEDBED222352D90005EB60 /* Main.storyboard */; };
		38FEDBF1222352DB0005EB60 /* Assets.xcassets in Resources */ = {isa = PBXBuildFile; fileRef = 38FEDBF0222352DB0005EB60 /* Assets.xcassets */; };
		38FEDBF4222352DB0005EB60 /* LaunchScreen.storyboard in Resources */ = {isa = PBXBuildFile; fileRef = 38FEDBF2222352DB0005EB60 /* LaunchScreen.storyboard */; };
		38FEDBFF222352DB0005EB60 /* QuotesMakerTests.swift in Sources */ = {isa = PBXBuildFile; fileRef = 38FEDBFE222352DB0005EB60 /* QuotesMakerTests.swift */; };
		38FEDC0A222354970005EB60 /* HomeVC.swift in Sources */ = {isa = PBXBuildFile; fileRef = 38FEDC09222354970005EB60 /* HomeVC.swift */; };
		38FEDC0C222356BD0005EB60 /* QMImageEngine.swift in Sources */ = {isa = PBXBuildFile; fileRef = 38FEDC0B222356BD0005EB60 /* QMImageEngine.swift */; };
/* End PBXBuildFile section */

/* Begin PBXContainerItemProxy section */
		38FEDBFB222352DB0005EB60 /* PBXContainerItemProxy */ = {
			isa = PBXContainerItemProxy;
			containerPortal = 38FEDBDE222352D90005EB60 /* Project object */;
			proxyType = 1;
			remoteGlobalIDString = 38FEDBE5222352D90005EB60;
			remoteInfo = QuotesMaker;
		};
/* End PBXContainerItemProxy section */

/* Begin PBXCopyFilesBuildPhase section */
		387B964B2229973700824498 /* Embed Frameworks */ = {
			isa = PBXCopyFilesBuildPhase;
			buildActionMask = 2147483647;
			dstPath = "";
			dstSubfolderSpec = 10;
			files = (
			);
			name = "Embed Frameworks";
			runOnlyForDeploymentPostprocessing = 0;
		};
/* End PBXCopyFilesBuildPhase section */

/* Begin PBXFileReference section */
		3802749B2280541C00E7E5AC /* Coordinator+StateChanges.swift */ = {isa = PBXFileReference; lastKnownFileType = sourcecode.swift; path = "Coordinator+StateChanges.swift"; sourceTree = "<group>"; };
		38051CCB2253B14F00D9E763 /* iPadMain.storyboard */ = {isa = PBXFileReference; lastKnownFileType = file.storyboard; path = iPadMain.storyboard; sourceTree = "<group>"; };
		38051CCD2253B90900D9E763 /* StudioLayout.swift */ = {isa = PBXFileReference; lastKnownFileType = sourcecode.swift; path = StudioLayout.swift; sourceTree = "<group>"; };
		38051CCF2253C28B00D9E763 /* StudiolLayoutIPad.swift */ = {isa = PBXFileReference; lastKnownFileType = sourcecode.swift; path = StudiolLayoutIPad.swift; sourceTree = "<group>"; };
		380BC9952231C3B5007F87FE /* LayerModel.swift */ = {isa = PBXFileReference; lastKnownFileType = sourcecode.swift; path = LayerModel.swift; sourceTree = "<group>"; };
		380BC9972231C40D007F87FE /* LayerFrame.swift */ = {isa = PBXFileReference; lastKnownFileType = sourcecode.swift; path = LayerFrame.swift; sourceTree = "<group>"; };
		380C78F72232C1BE006B8F8D /* BlankLayerModel.swift */ = {isa = PBXFileReference; lastKnownFileType = sourcecode.swift; path = BlankLayerModel.swift; sourceTree = "<group>"; };
		380C78F92232C454006B8F8D /* BackingImageView.swift */ = {isa = PBXFileReference; lastKnownFileType = sourcecode.swift; path = BackingImageView.swift; sourceTree = "<group>"; };
		380C78FB2232C4C4006B8F8D /* ViewGesture.swift */ = {isa = PBXFileReference; lastKnownFileType = sourcecode.swift; path = ViewGesture.swift; sourceTree = "<group>"; };
		380C78FD2232CA9E006B8F8D /* ImageModel.swift */ = {isa = PBXFileReference; lastKnownFileType = sourcecode.swift; path = ImageModel.swift; sourceTree = "<group>"; };
		380C78FF2232D8EB006B8F8D /* WrapperView.swift */ = {isa = PBXFileReference; lastKnownFileType = sourcecode.swift; path = WrapperView.swift; sourceTree = "<group>"; };
		38115326224D0AC200DA7D3B /* Style.swift */ = {isa = PBXFileReference; lastKnownFileType = sourcecode.swift; path = Style.swift; sourceTree = "<group>"; };
		38115328224D0CE900DA7D3B /* ShapeModel.swift */ = {isa = PBXFileReference; lastKnownFileType = sourcecode.swift; path = ShapeModel.swift; sourceTree = "<group>"; };
		3811532B224D0E5B00DA7D3B /* RectView.swift */ = {isa = PBXFileReference; lastKnownFileType = sourcecode.swift; path = RectView.swift; sourceTree = "<group>"; };
		3811532D224D17B000DA7D3B /* StyleSelectors.swift */ = {isa = PBXFileReference; lastKnownFileType = sourcecode.swift; path = StyleSelectors.swift; sourceTree = "<group>"; };
		3811532F224D228400DA7D3B /* SuperRectView.swift */ = {isa = PBXFileReference; lastKnownFileType = sourcecode.swift; path = SuperRectView.swift; sourceTree = "<group>"; };
		381865B4223C9972006C0C56 /* LayerStack.swift */ = {isa = PBXFileReference; lastKnownFileType = sourcecode.swift; path = LayerStack.swift; sourceTree = "<group>"; };
		381865B6223C9E1F006C0C56 /* StackCell.swift */ = {isa = PBXFileReference; lastKnownFileType = sourcecode.swift; path = StackCell.swift; sourceTree = "<group>"; };
		381865B7223C9E1F006C0C56 /* StackCell.xib */ = {isa = PBXFileReference; lastKnownFileType = file.xib; path = StackCell.xib; sourceTree = "<group>"; };
		381865BA223CF457006C0C56 /* Generic+Protocols.swift */ = {isa = PBXFileReference; lastKnownFileType = sourcecode.swift; path = "Generic+Protocols.swift"; sourceTree = "<group>"; };
		381865BC223CF736006C0C56 /* Aliases.swift */ = {isa = PBXFileReference; lastKnownFileType = sourcecode.swift; path = Aliases.swift; sourceTree = "<group>"; };
		381865BE223CFC5E006C0C56 /* StudioVCTests.swift */ = {isa = PBXFileReference; lastKnownFileType = sourcecode.swift; path = StudioVCTests.swift; sourceTree = "<group>"; };
		3818DACE227087B800202C14 /* StudioModel.swift */ = {isa = PBXFileReference; lastKnownFileType = sourcecode.swift; path = StudioModel.swift; sourceTree = "<group>"; };
		3818DAD0227091C200202C14 /* StudioColor.swift */ = {isa = PBXFileReference; lastKnownFileType = sourcecode.swift; path = StudioColor.swift; sourceTree = "<group>"; };
		3818DAD22270D2AF00202C14 /* StudioFont.swift */ = {isa = PBXFileReference; lastKnownFileType = sourcecode.swift; path = StudioFont.swift; sourceTree = "<group>"; };
		3818DAD52270EAFB00202C14 /* Persistence.swift */ = {isa = PBXFileReference; lastKnownFileType = sourcecode.swift; path = Persistence.swift; sourceTree = "<group>"; };
		3818DAD72270F63F00202C14 /* BaseModel.swift */ = {isa = PBXFileReference; lastKnownFileType = sourcecode.swift; path = BaseModel.swift; sourceTree = "<group>"; };
		3818DAD92270FCF000202C14 /* BaseModelCollection.swift */ = {isa = PBXFileReference; lastKnownFileType = sourcecode.swift; path = BaseModelCollection.swift; sourceTree = "<group>"; };
		3818DADB2271127900202C14 /* FileManager+Extensions.swift */ = {isa = PBXFileReference; lastKnownFileType = sourcecode.swift; path = "FileManager+Extensions.swift"; sourceTree = "<group>"; };
		3818DADD227112DE00202C14 /* Saving.swift */ = {isa = PBXFileReference; lastKnownFileType = sourcecode.swift; path = Saving.swift; sourceTree = "<group>"; };
		3823655D223FA6D00078A723 /* GroupWrapperView.swift */ = {isa = PBXFileReference; lastKnownFileType = sourcecode.swift; path = GroupWrapperView.swift; sourceTree = "<group>"; };
		38236560223FEB640078A723 /* +StateChangeable.swift */ = {isa = PBXFileReference; lastKnownFileType = sourcecode.swift; path = "+StateChangeable.swift"; sourceTree = "<group>"; };
		38236562223FFE260078A723 /* Cropview.swift */ = {isa = PBXFileReference; lastKnownFileType = sourcecode.swift; path = Cropview.swift; sourceTree = "<group>"; };
		38236564224045390078A723 /* ResizableView.swift */ = {isa = PBXFileReference; lastKnownFileType = sourcecode.swift; path = ResizableView.swift; sourceTree = "<group>"; };
		38236567224059400078A723 /* QuotesMaker-Bridging-Header.h */ = {isa = PBXFileReference; lastKnownFileType = sourcecode.c.h; path = "QuotesMaker-Bridging-Header.h"; sourceTree = "<group>"; };
		3823656C2240674F0078A723 /* +Resizing.swift */ = {isa = PBXFileReference; lastKnownFileType = sourcecode.swift; path = "+Resizing.swift"; sourceTree = "<group>"; };
		3823656F2240ED990078A723 /* UIColor+Tweak.h */ = {isa = PBXFileReference; fileEncoding = 4; lastKnownFileType = sourcecode.c.h; path = "UIColor+Tweak.h"; sourceTree = "<group>"; };
		382365702240ED990078A723 /* PhotoTweakView.h */ = {isa = PBXFileReference; fileEncoding = 4; lastKnownFileType = sourcecode.c.h; path = PhotoTweakView.h; sourceTree = "<group>"; };
		382365712240ED990078A723 /* PhotoTweaksViewController.h */ = {isa = PBXFileReference; fileEncoding = 4; lastKnownFileType = sourcecode.c.h; path = PhotoTweaksViewController.h; sourceTree = "<group>"; };
		382365722240ED990078A723 /* UIColor+Tweak.m */ = {isa = PBXFileReference; fileEncoding = 4; lastKnownFileType = sourcecode.c.objc; path = "UIColor+Tweak.m"; sourceTree = "<group>"; };
		382365732240ED990078A723 /* PhotoTweakView.m */ = {isa = PBXFileReference; fileEncoding = 4; lastKnownFileType = sourcecode.c.objc; path = PhotoTweakView.m; sourceTree = "<group>"; };
		382365742240ED990078A723 /* PhotoTweaksViewController.m */ = {isa = PBXFileReference; fileEncoding = 4; lastKnownFileType = sourcecode.c.objc; path = PhotoTweaksViewController.m; sourceTree = "<group>"; };
		3826512C227E4A78003D2E19 /* RotationView.swift */ = {isa = PBXFileReference; lastKnownFileType = sourcecode.swift; path = RotationView.swift; sourceTree = "<group>"; };
		3826512F227EF703003D2E19 /* Canvas.swift */ = {isa = PBXFileReference; lastKnownFileType = sourcecode.swift; path = Canvas.swift; sourceTree = "<group>"; };
		3833521D22819CF700DA6857 /* SPUserResizableView.h */ = {isa = PBXFileReference; fileEncoding = 4; lastKnownFileType = sourcecode.c.h; path = SPUserResizableView.h; sourceTree = "<group>"; };
		3833521E22819CF800DA6857 /* SPUserResizableView.m */ = {isa = PBXFileReference; fileEncoding = 4; lastKnownFileType = sourcecode.c.objc; path = SPUserResizableView.m; sourceTree = "<group>"; };
		384B9DA322366202007B4BD0 /* ImagePanel.swift */ = {isa = PBXFileReference; lastKnownFileType = sourcecode.swift; path = ImagePanel.swift; sourceTree = "<group>"; };
		384B9DA522369908007B4BD0 /* CloseButton.swift */ = {isa = PBXFileReference; lastKnownFileType = sourcecode.swift; path = CloseButton.swift; sourceTree = "<group>"; };
		384B9DA72236E903007B4BD0 /* QPreviewView.swift */ = {isa = PBXFileReference; lastKnownFileType = sourcecode.swift; path = QPreviewView.swift; sourceTree = "<group>"; };
		385BB9AD225E20F6009541A3 /* UIScreen+Extensions.swift */ = {isa = PBXFileReference; lastKnownFileType = sourcecode.swift; path = "UIScreen+Extensions.swift"; sourceTree = "<group>"; };
		385D3066225A2BBB0054694A /* AssetGridViewController.swift */ = {isa = PBXFileReference; fileEncoding = 4; lastKnownFileType = sourcecode.swift; path = AssetGridViewController.swift; sourceTree = "<group>"; };
		385D3068225A2C9D0054694A /* GridViewCell.swift */ = {isa = PBXFileReference; lastKnownFileType = sourcecode.swift; path = GridViewCell.swift; sourceTree = "<group>"; };
		385D3069225A2C9D0054694A /* GridViewCell.xib */ = {isa = PBXFileReference; lastKnownFileType = file.xib; path = GridViewCell.xib; sourceTree = "<group>"; };
		3861A4A2222691B70040D819 /* ImagesVC.swift */ = {isa = PBXFileReference; lastKnownFileType = sourcecode.swift; path = ImagesVC.swift; sourceTree = "<group>"; };
		38661AF92249088300440AC7 /* ShapesCell.swift */ = {isa = PBXFileReference; lastKnownFileType = sourcecode.swift; path = ShapesCell.swift; sourceTree = "<group>"; };
		38661AFA2249088300440AC7 /* ShapesCell.xib */ = {isa = PBXFileReference; lastKnownFileType = file.xib; path = ShapesCell.xib; sourceTree = "<group>"; };
		38661AFE224B964100440AC7 /* StylingPanel.swift */ = {isa = PBXFileReference; lastKnownFileType = sourcecode.swift; path = StylingPanel.swift; sourceTree = "<group>"; };
		38661B00224BE85A00440AC7 /* ShadowView.swift */ = {isa = PBXFileReference; lastKnownFileType = sourcecode.swift; path = ShadowView.swift; sourceTree = "<group>"; };
		38661B02224BE89E00440AC7 /* BorderPanel.swift */ = {isa = PBXFileReference; lastKnownFileType = sourcecode.swift; path = BorderPanel.swift; sourceTree = "<group>"; };
		38661B04224BE8DB00440AC7 /* CornersPanel.swift */ = {isa = PBXFileReference; lastKnownFileType = sourcecode.swift; path = CornersPanel.swift; sourceTree = "<group>"; };
		38661B07224BF44200440AC7 /* Protocols.swift */ = {isa = PBXFileReference; lastKnownFileType = sourcecode.swift; path = Protocols.swift; sourceTree = "<group>"; };
		38661B09224BF4E000440AC7 /* LayoutProperty.swift */ = {isa = PBXFileReference; lastKnownFileType = sourcecode.swift; path = LayoutProperty.swift; sourceTree = "<group>"; };
		38661B0B224C06E900440AC7 /* Opereators.swift */ = {isa = PBXFileReference; lastKnownFileType = sourcecode.swift; path = Opereators.swift; sourceTree = "<group>"; };
		38661B0D224C42D300440AC7 /* StudioTabCells.swift */ = {isa = PBXFileReference; lastKnownFileType = sourcecode.swift; path = StudioTabCells.swift; sourceTree = "<group>"; };
		38661B0E224C42D300440AC7 /* StudioTabCells.xib */ = {isa = PBXFileReference; lastKnownFileType = file.xib; path = StudioTabCells.xib; sourceTree = "<group>"; };
		38686D2422771F5000349E02 /* HomePageVC.swift */ = {isa = PBXFileReference; lastKnownFileType = sourcecode.swift; path = HomePageVC.swift; sourceTree = "<group>"; };
		38686D282277406000349E02 /* TemplateCell.swift */ = {isa = PBXFileReference; lastKnownFileType = sourcecode.swift; path = TemplateCell.swift; sourceTree = "<group>"; };
		38686D292277406000349E02 /* TemplateCell.xib */ = {isa = PBXFileReference; lastKnownFileType = file.xib; path = TemplateCell.xib; sourceTree = "<group>"; };
		386F0B2E22414284009EF6A5 /* UIView+Extensions.swift */ = {isa = PBXFileReference; lastKnownFileType = sourcecode.swift; path = "UIView+Extensions.swift"; sourceTree = "<group>"; };
		38732A4B222EEA9100CDB703 /* String+Ex.swift */ = {isa = PBXFileReference; lastKnownFileType = sourcecode.swift; path = "String+Ex.swift"; sourceTree = "<group>"; };
		38732E94222FE10F00CDB703 /* TextDesignableInputView.swift */ = {isa = PBXFileReference; lastKnownFileType = sourcecode.swift; path = TextDesignableInputView.swift; sourceTree = "<group>"; };
		38732E9622300DE700CDB703 /* FontCells.swift */ = {isa = PBXFileReference; lastKnownFileType = sourcecode.swift; path = FontCells.swift; sourceTree = "<group>"; };
		38732E9722300DE700CDB703 /* FontCells.xib */ = {isa = PBXFileReference; lastKnownFileType = file.xib; path = FontCells.xib; sourceTree = "<group>"; };
		38732E9A2230359500CDB703 /* LineView.swift */ = {isa = PBXFileReference; lastKnownFileType = sourcecode.swift; path = LineView.swift; sourceTree = "<group>"; };
		3873738B22452BBE00A1FB7B /* StudioEditorView.swift */ = {isa = PBXFileReference; lastKnownFileType = sourcecode.swift; path = StudioEditorView.swift; sourceTree = "<group>"; };
		38743D4F2257E49A00897B13 /* StudioTaskBarController.swift */ = {isa = PBXFileReference; lastKnownFileType = sourcecode.swift; path = StudioTaskBarController.swift; sourceTree = "<group>"; };
		38743D512257E9E500897B13 /* iPadTabControl.swift */ = {isa = PBXFileReference; lastKnownFileType = sourcecode.swift; path = iPadTabControl.swift; sourceTree = "<group>"; };
		38743D532257F59E00897B13 /* TaskBarControlsProxy.swift */ = {isa = PBXFileReference; lastKnownFileType = sourcecode.swift; path = TaskBarControlsProxy.swift; sourceTree = "<group>"; };
		38743D552258072000897B13 /* EditingCoordinator.swift */ = {isa = PBXFileReference; lastKnownFileType = sourcecode.swift; path = EditingCoordinator.swift; sourceTree = "<group>"; };
		38743D582258114500897B13 /* EditingCoordinatorDelegate.swift */ = {isa = PBXFileReference; lastKnownFileType = sourcecode.swift; path = EditingCoordinatorDelegate.swift; sourceTree = "<group>"; };
		38797C2422309DAF003A9D99 /* Constraints.swift */ = {isa = PBXFileReference; lastKnownFileType = sourcecode.swift; path = Constraints.swift; sourceTree = "<group>"; };
		38797C2622309E5A003A9D99 /* CollectionViewDelegates.swift */ = {isa = PBXFileReference; lastKnownFileType = sourcecode.swift; path = CollectionViewDelegates.swift; sourceTree = "<group>"; };
		38797C2822309E83003A9D99 /* Selectors.swift */ = {isa = PBXFileReference; lastKnownFileType = sourcecode.swift; path = Selectors.swift; sourceTree = "<group>"; };
		388BE2F122299B01005BF44B /* CGPoint+Literals.swift */ = {isa = PBXFileReference; fileEncoding = 4; lastKnownFileType = sourcecode.swift; path = "CGPoint+Literals.swift"; sourceTree = "<group>"; };
		388BE2F222299B01005BF44B /* CGSize+Literals.swift */ = {isa = PBXFileReference; fileEncoding = 4; lastKnownFileType = sourcecode.swift; path = "CGSize+Literals.swift"; sourceTree = "<group>"; };
		388BE2F322299B01005BF44B /* UIEdgeInsets+Literals.swift */ = {isa = PBXFileReference; fileEncoding = 4; lastKnownFileType = sourcecode.swift; path = "UIEdgeInsets+Literals.swift"; sourceTree = "<group>"; };
		388BE2F422299B01005BF44B /* UIOffset+Literals.swift */ = {isa = PBXFileReference; fileEncoding = 4; lastKnownFileType = sourcecode.swift; path = "UIOffset+Literals.swift"; sourceTree = "<group>"; };
		388BE2F522299B01005BF44B /* CGRect+Literals.swift */ = {isa = PBXFileReference; fileEncoding = 4; lastKnownFileType = sourcecode.swift; path = "CGRect+Literals.swift"; sourceTree = "<group>"; };
		388BE2FB2229A458005BF44B /* BaseView.swift */ = {isa = PBXFileReference; lastKnownFileType = sourcecode.swift; path = BaseView.swift; sourceTree = "<group>"; };
		388BE30E222ABBA5005BF44B /* PreviewView.swift */ = {isa = PBXFileReference; fileEncoding = 4; lastKnownFileType = sourcecode.swift; path = PreviewView.swift; sourceTree = "<group>"; };
		388BE30F222ABBA5005BF44B /* ColorSlider.swift */ = {isa = PBXFileReference; fileEncoding = 4; lastKnownFileType = sourcecode.swift; path = ColorSlider.swift; sourceTree = "<group>"; };
		388BE310222ABBA5005BF44B /* Gradient.swift */ = {isa = PBXFileReference; fileEncoding = 4; lastKnownFileType = sourcecode.swift; path = Gradient.swift; sourceTree = "<group>"; };
		388BE311222ABBA5005BF44B /* ColorSliderExtensions.swift */ = {isa = PBXFileReference; fileEncoding = 4; lastKnownFileType = sourcecode.swift; path = ColorSliderExtensions.swift; sourceTree = "<group>"; };
		388BE312222ABBA5005BF44B /* GradientView.swift */ = {isa = PBXFileReference; fileEncoding = 4; lastKnownFileType = sourcecode.swift; path = GradientView.swift; sourceTree = "<group>"; };
		388BE313222ABBA5005BF44B /* HSBColor.swift */ = {isa = PBXFileReference; fileEncoding = 4; lastKnownFileType = sourcecode.swift; path = HSBColor.swift; sourceTree = "<group>"; };
		388BE314222ABBA5005BF44B /* DefaultPreviewView.swift */ = {isa = PBXFileReference; fileEncoding = 4; lastKnownFileType = sourcecode.swift; path = DefaultPreviewView.swift; sourceTree = "<group>"; };
		388BE31C222ABC94005BF44B /* ColorSliderPanel.swift */ = {isa = PBXFileReference; lastKnownFileType = sourcecode.swift; path = ColorSliderPanel.swift; sourceTree = "<group>"; };
		388BE31E222AC007005BF44B /* OptionsStack.swift */ = {isa = PBXFileReference; lastKnownFileType = sourcecode.swift; path = OptionsStack.swift; sourceTree = "<group>"; };
		388BE320222AC23C005BF44B /* OptionsButtonView.swift */ = {isa = PBXFileReference; lastKnownFileType = sourcecode.swift; path = OptionsButtonView.swift; sourceTree = "<group>"; };
		388BE322222AC376005BF44B /* CreateOptions.swift */ = {isa = PBXFileReference; lastKnownFileType = sourcecode.swift; path = CreateOptions.swift; sourceTree = "<group>"; };
		388BE325222AD4E8005BF44B /* QMEngine.swift */ = {isa = PBXFileReference; lastKnownFileType = sourcecode.swift; path = QMEngine.swift; sourceTree = "<group>"; };
		388BE327222ADC6F005BF44B /* AlphaSliderView.swift */ = {isa = PBXFileReference; lastKnownFileType = sourcecode.swift; path = AlphaSliderView.swift; sourceTree = "<group>"; };
		388BE32B222B067A005BF44B /* fontjek.ttf */ = {isa = PBXFileReference; lastKnownFileType = file; path = fontjek.ttf; sourceTree = "<group>"; };
		388BE32C222B069D005BF44B /* candy.otf */ = {isa = PBXFileReference; lastKnownFileType = file; path = candy.otf; sourceTree = "<group>"; };
		388BE32D222B06BC005BF44B /* snow.ttf */ = {isa = PBXFileReference; lastKnownFileType = file; path = snow.ttf; sourceTree = "<group>"; };
		388BE32E222B0700005BF44B /* painter.ttf */ = {isa = PBXFileReference; lastKnownFileType = file; path = painter.ttf; sourceTree = "<group>"; };
		388BE32F222B0771005BF44B /* Fonts.swift */ = {isa = PBXFileReference; lastKnownFileType = sourcecode.swift; path = Fonts.swift; sourceTree = "<group>"; };
		388BE335222B2135005BF44B /* BackingGradientlayer.swift */ = {isa = PBXFileReference; lastKnownFileType = sourcecode.swift; path = BackingGradientlayer.swift; sourceTree = "<group>"; };
		388BE337222B369E005BF44B /* GradientPanel.swift */ = {isa = PBXFileReference; lastKnownFileType = sourcecode.swift; path = GradientPanel.swift; sourceTree = "<group>"; };
		388BE339222B39D4005BF44B /* BasicLabel.swift */ = {isa = PBXFileReference; lastKnownFileType = sourcecode.swift; path = BasicLabel.swift; sourceTree = "<group>"; };
		388BE33B222BB5AD005BF44B /* MaterialView.swift */ = {isa = PBXFileReference; lastKnownFileType = sourcecode.swift; path = MaterialView.swift; sourceTree = "<group>"; };
		388BE33D222BBFDE005BF44B /* GradientModel.swift */ = {isa = PBXFileReference; lastKnownFileType = sourcecode.swift; path = GradientModel.swift; sourceTree = "<group>"; };
		388BE33F222C2E7F005BF44B /* EditorPanel.swift */ = {isa = PBXFileReference; lastKnownFileType = sourcecode.swift; path = EditorPanel.swift; sourceTree = "<group>"; };
		388BE341222C3188005BF44B /* PanelCell.swift */ = {isa = PBXFileReference; lastKnownFileType = sourcecode.swift; path = PanelCell.swift; sourceTree = "<group>"; };
		388BE342222C3188005BF44B /* PanelCell.xib */ = {isa = PBXFileReference; lastKnownFileType = file.xib; path = PanelCell.xib; sourceTree = "<group>"; };
		388BE345222C4FB6005BF44B /* DoneButton.swift */ = {isa = PBXFileReference; lastKnownFileType = sourcecode.swift; path = DoneButton.swift; sourceTree = "<group>"; };
		388BE383222E7AD8005BF44B /* PointControlPad.swift */ = {isa = PBXFileReference; lastKnownFileType = sourcecode.swift; path = PointControlPad.swift; sourceTree = "<group>"; };
		388BE385222E93D0005BF44B /* PointControlview.swift */ = {isa = PBXFileReference; lastKnownFileType = sourcecode.swift; path = PointControlview.swift; sourceTree = "<group>"; };
		388BE387222EB35A005BF44B /* TextBackingLayer.swift */ = {isa = PBXFileReference; lastKnownFileType = sourcecode.swift; path = TextBackingLayer.swift; sourceTree = "<group>"; };
		388BE389222EB50B005BF44B /* TextModel.swift */ = {isa = PBXFileReference; lastKnownFileType = sourcecode.swift; path = TextModel.swift; sourceTree = "<group>"; };
		388BE38B222EC1C0005BF44B /* BackingTextView.swift */ = {isa = PBXFileReference; lastKnownFileType = sourcecode.swift; path = BackingTextView.swift; sourceTree = "<group>"; };
		389537CA2268AC37000B4E9D /* StateUpdate.swift */ = {isa = PBXFileReference; lastKnownFileType = sourcecode.swift; path = StateUpdate.swift; sourceTree = "<group>"; };
		3896507A2242C154009434B4 /* Layout.swift */ = {isa = PBXFileReference; lastKnownFileType = sourcecode.swift; path = Layout.swift; sourceTree = "<group>"; };
		3896507C2242C193009434B4 /* Actions.swift */ = {isa = PBXFileReference; lastKnownFileType = sourcecode.swift; path = Actions.swift; sourceTree = "<group>"; };
		3896507E2242DD7F009434B4 /* States.swift */ = {isa = PBXFileReference; lastKnownFileType = sourcecode.swift; path = States.swift; sourceTree = "<group>"; };
		389B938C222766BB009FE9E6 /* QMImageBackingLayer.swift */ = {isa = PBXFileReference; lastKnownFileType = sourcecode.swift; path = QMImageBackingLayer.swift; sourceTree = "<group>"; };
		389B938E2227689E009FE9E6 /* Utils.swift */ = {isa = PBXFileReference; lastKnownFileType = sourcecode.swift; path = Utils.swift; sourceTree = "<group>"; };
		389B9391222769CD009FE9E6 /* Dimensions.swift */ = {isa = PBXFileReference; lastKnownFileType = sourcecode.swift; path = Dimensions.swift; sourceTree = "<group>"; };
		389B939322276B55009FE9E6 /* StudioVC.swift */ = {isa = PBXFileReference; lastKnownFileType = sourcecode.swift; path = StudioVC.swift; sourceTree = "<group>"; };
		389B939522276BAD009FE9E6 /* Extensions.swift */ = {isa = PBXFileReference; lastKnownFileType = sourcecode.swift; path = Extensions.swift; sourceTree = "<group>"; };
		389B939722277A77009FE9E6 /* CreateButton.swift */ = {isa = PBXFileReference; lastKnownFileType = sourcecode.swift; path = CreateButton.swift; sourceTree = "<group>"; };
		389B93992227834E009FE9E6 /* BlankBackingLayer.swift */ = {isa = PBXFileReference; lastKnownFileType = sourcecode.swift; path = BlankBackingLayer.swift; sourceTree = "<group>"; };
		38A6687B223E8E3D00F29F52 /* Elysium.swift */ = {isa = PBXFileReference; lastKnownFileType = sourcecode.swift; path = Elysium.swift; sourceTree = "<group>"; };
		38A6687D223EED7C00F29F52 /* Colors.swift */ = {isa = PBXFileReference; lastKnownFileType = sourcecode.swift; path = Colors.swift; sourceTree = "<group>"; };
		38AA311422442AF50050604A /* BaseContentView.swift */ = {isa = PBXFileReference; lastKnownFileType = sourcecode.swift; path = BaseContentView.swift; sourceTree = "<group>"; };
		38C2E4012265A39000EE5DEB /* ControlPanelStack.swift */ = {isa = PBXFileReference; lastKnownFileType = sourcecode.swift; path = ControlPanelStack.swift; sourceTree = "<group>"; };
		38C2E4032266180400EE5DEB /* StackPanelVC.swift */ = {isa = PBXFileReference; lastKnownFileType = sourcecode.swift; path = StackPanelVC.swift; sourceTree = "<group>"; };
		38C697F4225D05FA009C8CCD /* PickerNavController.swift */ = {isa = PBXFileReference; lastKnownFileType = sourcecode.swift; path = PickerNavController.swift; sourceTree = "<group>"; };
		38C80FB8223A837C00150FD4 /* StudioTab.swift */ = {isa = PBXFileReference; lastKnownFileType = sourcecode.swift; path = StudioTab.swift; sourceTree = "<group>"; };
		38C80FBC223A904700150FD4 /* StateProtocol.swift */ = {isa = PBXFileReference; lastKnownFileType = sourcecode.swift; path = StateProtocol.swift; sourceTree = "<group>"; };
		38C80FBE223A98B900150FD4 /* StateChangeControl.swift */ = {isa = PBXFileReference; lastKnownFileType = sourcecode.swift; path = StateChangeControl.swift; sourceTree = "<group>"; };
		38C80FC1223B073700150FD4 /* Studio+Extensions.swift */ = {isa = PBXFileReference; lastKnownFileType = sourcecode.swift; path = "Studio+Extensions.swift"; sourceTree = "<group>"; };
		38C80FC3223BFAA200150FD4 /* Subscriptions.swift */ = {isa = PBXFileReference; lastKnownFileType = sourcecode.swift; path = Subscriptions.swift; sourceTree = "<group>"; };
		38C80FC5223C453D00150FD4 /* TabControl.swift */ = {isa = PBXFileReference; lastKnownFileType = sourcecode.swift; path = TabControl.swift; sourceTree = "<group>"; };
		38CFAAB022878CCD00D40330 /* ZoomableUIView.swift */ = {isa = PBXFileReference; fileEncoding = 4; lastKnownFileType = sourcecode.swift; path = ZoomableUIView.swift; sourceTree = "<group>"; };
		38CFAAB122878CCD00D40330 /* CGAffineTransform.swift */ = {isa = PBXFileReference; fileEncoding = 4; lastKnownFileType = sourcecode.swift; path = CGAffineTransform.swift; sourceTree = "<group>"; };
		38D54E1E223930E3009FCF9A /* CustomAlbum.swift */ = {isa = PBXFileReference; fileEncoding = 4; lastKnownFileType = sourcecode.swift; path = CustomAlbum.swift; sourceTree = "<group>"; };
		38D97D712251932700B941A0 /* CornersStack.swift */ = {isa = PBXFileReference; lastKnownFileType = sourcecode.swift; path = CornersStack.swift; sourceTree = "<group>"; };
		38D97D7722522D3600B941A0 /* State.swift */ = {isa = PBXFileReference; lastKnownFileType = sourcecode.swift; path = State.swift; sourceTree = "<group>"; };
		38F13A032254360D002C4109 /* CollapsibleTableSectionViewController.swift */ = {isa = PBXFileReference; fileEncoding = 4; lastKnownFileType = sourcecode.swift; path = CollapsibleTableSectionViewController.swift; sourceTree = "<group>"; };
		38F13A042254360E002C4109 /* CollapsibleTableViewHeader.swift */ = {isa = PBXFileReference; fileEncoding = 4; lastKnownFileType = sourcecode.swift; path = CollapsibleTableViewHeader.swift; sourceTree = "<group>"; };
		38F13A09225436D9002C4109 /* ContolPanelTable.swift */ = {isa = PBXFileReference; lastKnownFileType = sourcecode.swift; path = ContolPanelTable.swift; sourceTree = "<group>"; };
		38F13A0B2254B6FF002C4109 /* PanelContainerCell.swift */ = {isa = PBXFileReference; lastKnownFileType = sourcecode.swift; path = PanelContainerCell.swift; sourceTree = "<group>"; };
		38F13A0C2254B6FF002C4109 /* PanelContainerCell.xib */ = {isa = PBXFileReference; lastKnownFileType = file.xib; path = PanelContainerCell.xib; sourceTree = "<group>"; };
		38F13A0F2254C855002C4109 /* iPadStudioVC.swift */ = {isa = PBXFileReference; lastKnownFileType = sourcecode.swift; path = iPadStudioVC.swift; sourceTree = "<group>"; };
		38FEDBE6222352D90005EB60 /* QuotesMaker.app */ = {isa = PBXFileReference; explicitFileType = wrapper.application; includeInIndex = 0; path = QuotesMaker.app; sourceTree = BUILT_PRODUCTS_DIR; };
		38FEDBE9222352D90005EB60 /* AppDelegate.swift */ = {isa = PBXFileReference; lastKnownFileType = sourcecode.swift; path = AppDelegate.swift; sourceTree = "<group>"; };
		38FEDBEE222352D90005EB60 /* Base */ = {isa = PBXFileReference; lastKnownFileType = file.storyboard; name = Base; path = Base.lproj/Main.storyboard; sourceTree = "<group>"; };
		38FEDBF0222352DB0005EB60 /* Assets.xcassets */ = {isa = PBXFileReference; lastKnownFileType = folder.assetcatalog; path = Assets.xcassets; sourceTree = "<group>"; };
		38FEDBF3222352DB0005EB60 /* Base */ = {isa = PBXFileReference; lastKnownFileType = file.storyboard; name = Base; path = Base.lproj/LaunchScreen.storyboard; sourceTree = "<group>"; };
		38FEDBF5222352DB0005EB60 /* Info.plist */ = {isa = PBXFileReference; lastKnownFileType = text.plist.xml; path = Info.plist; sourceTree = "<group>"; };
		38FEDBFA222352DB0005EB60 /* QuotesMakerTests.xctest */ = {isa = PBXFileReference; explicitFileType = wrapper.cfbundle; includeInIndex = 0; path = QuotesMakerTests.xctest; sourceTree = BUILT_PRODUCTS_DIR; };
		38FEDBFE222352DB0005EB60 /* QuotesMakerTests.swift */ = {isa = PBXFileReference; lastKnownFileType = sourcecode.swift; path = QuotesMakerTests.swift; sourceTree = "<group>"; };
		38FEDC00222352DB0005EB60 /* Info.plist */ = {isa = PBXFileReference; lastKnownFileType = text.plist.xml; path = Info.plist; sourceTree = "<group>"; };
		38FEDC09222354970005EB60 /* HomeVC.swift */ = {isa = PBXFileReference; lastKnownFileType = sourcecode.swift; path = HomeVC.swift; sourceTree = "<group>"; };
		38FEDC0B222356BD0005EB60 /* QMImageEngine.swift */ = {isa = PBXFileReference; lastKnownFileType = sourcecode.swift; path = QMImageEngine.swift; sourceTree = "<group>"; };
/* End PBXFileReference section */

/* Begin PBXFrameworksBuildPhase section */
		38FEDBE3222352D90005EB60 /* Frameworks */ = {
			isa = PBXFrameworksBuildPhase;
			buildActionMask = 2147483647;
			files = (
			);
			runOnlyForDeploymentPostprocessing = 0;
		};
		38FEDBF7222352DB0005EB60 /* Frameworks */ = {
			isa = PBXFrameworksBuildPhase;
			buildActionMask = 2147483647;
			files = (
			);
			runOnlyForDeploymentPostprocessing = 0;
		};
/* End PBXFrameworksBuildPhase section */

/* Begin PBXGroup section */
		38012FED228C1E5100372516 /* Preview */ = {
			isa = PBXGroup;
			children = (
			);
			path = Preview;
			sourceTree = "<group>";
		};
		38051CCA2253B12300D9E763 /* StoryBoards */ = {
			isa = PBXGroup;
			children = (
				38FEDBF2222352DB0005EB60 /* LaunchScreen.storyboard */,
				38FEDBED222352D90005EB60 /* Main.storyboard */,
				38051CCB2253B14F00D9E763 /* iPadMain.storyboard */,
			);
			path = StoryBoards;
			sourceTree = "<group>";
		};
		3811532A224D0E3D00DA7D3B /* ShapeView */ = {
			isa = PBXGroup;
			children = (
				3811532B224D0E5B00DA7D3B /* RectView.swift */,
				3811532F224D228400DA7D3B /* SuperRectView.swift */,
			);
			path = ShapeView;
			sourceTree = "<group>";
		};
		381865B3223C992C006C0C56 /* ViewStack */ = {
			isa = PBXGroup;
			children = (
				381865B4223C9972006C0C56 /* LayerStack.swift */,
				381865B6223C9E1F006C0C56 /* StackCell.swift */,
				381865B7223C9E1F006C0C56 /* StackCell.xib */,
			);
			path = ViewStack;
			sourceTree = "<group>";
		};
		3818DAD42270E31700202C14 /* Persistence */ = {
			isa = PBXGroup;
			children = (
				3818DAD52270EAFB00202C14 /* Persistence.swift */,
				3818DADB2271127900202C14 /* FileManager+Extensions.swift */,
			);
			path = Persistence;
			sourceTree = "<group>";
		};
		3823655F223FEB340078A723 /* BackingImage */ = {
			isa = PBXGroup;
			children = (
				380C78F92232C454006B8F8D /* BackingImageView.swift */,
				38236560223FEB640078A723 /* +StateChangeable.swift */,
				38236562223FFE260078A723 /* Cropview.swift */,
			);
			path = BackingImage;
			sourceTree = "<group>";
		};
		382365662240591D0078A723 /* Rexixable */ = {
			isa = PBXGroup;
			children = (
				3833521D22819CF700DA6857 /* SPUserResizableView.h */,
				3833521E22819CF800DA6857 /* SPUserResizableView.m */,
				38236567224059400078A723 /* QuotesMaker-Bridging-Header.h */,
			);
			path = Rexixable;
			sourceTree = "<group>";
		};
		3823656B2240671A0078A723 /* BaseView */ = {
			isa = PBXGroup;
			children = (
				388BE2FB2229A458005BF44B /* BaseView.swift */,
				3823656C2240674F0078A723 /* +Resizing.swift */,
				38AA311422442AF50050604A /* BaseContentView.swift */,
				3818DADD227112DE00202C14 /* Saving.swift */,
			);
			path = BaseView;
			sourceTree = "<group>";
		};
		3823656E2240ED990078A723 /* PhotoTweaks */ = {
			isa = PBXGroup;
			children = (
				3823656F2240ED990078A723 /* UIColor+Tweak.h */,
				382365702240ED990078A723 /* PhotoTweakView.h */,
				382365712240ED990078A723 /* PhotoTweaksViewController.h */,
				382365722240ED990078A723 /* UIColor+Tweak.m */,
				382365732240ED990078A723 /* PhotoTweakView.m */,
				382365742240ED990078A723 /* PhotoTweaksViewController.m */,
			);
			path = PhotoTweaks;
			sourceTree = "<group>";
		};
		3826512E227EF6CF003D2E19 /* Dimensions */ = {
			isa = PBXGroup;
			children = (
				3826512F227EF703003D2E19 /* Canvas.swift */,
			);
			path = Dimensions;
			sourceTree = "<group>";
		};
		385D3065225A2AE80054694A /* ImagePicker */ = {
			isa = PBXGroup;
			children = (
				385D3066225A2BBB0054694A /* AssetGridViewController.swift */,
				385D3068225A2C9D0054694A /* GridViewCell.swift */,
				385D3069225A2C9D0054694A /* GridViewCell.xib */,
			);
			path = ImagePicker;
			sourceTree = "<group>";
		};
		385D306C225A32E30054694A /* ImagePicker */ = {
			isa = PBXGroup;
			children = (
				38C697F4225D05FA009C8CCD /* PickerNavController.swift */,
			);
			path = ImagePicker;
			sourceTree = "<group>";
		};
		38661AF6224907EB00440AC7 /* EditorPanel */ = {
			isa = PBXGroup;
			children = (
				388BE342222C3188005BF44B /* PanelCell.xib */,
				388BE33F222C2E7F005BF44B /* EditorPanel.swift */,
				38661AF92249088300440AC7 /* ShapesCell.swift */,
				38661AFA2249088300440AC7 /* ShapesCell.xib */,
			);
			path = EditorPanel;
			sourceTree = "<group>";
		};
		38661AFD224B961600440AC7 /* StylingPanel */ = {
			isa = PBXGroup;
			children = (
				38D97D70225192E000B941A0 /* Corners */,
				38661AFE224B964100440AC7 /* StylingPanel.swift */,
				38661B00224BE85A00440AC7 /* ShadowView.swift */,
				38661B02224BE89E00440AC7 /* BorderPanel.swift */,
				3811532D224D17B000DA7D3B /* StyleSelectors.swift */,
				3826512C227E4A78003D2E19 /* RotationView.swift */,
			);
			path = StylingPanel;
			sourceTree = "<group>";
		};
		38661B06224BF41300440AC7 /* AutoLayoutDSL */ = {
			isa = PBXGroup;
			children = (
				38661B07224BF44200440AC7 /* Protocols.swift */,
				38661B09224BF4E000440AC7 /* LayoutProperty.swift */,
				38661B0B224C06E900440AC7 /* Opereators.swift */,
			);
			path = AutoLayoutDSL;
			sourceTree = "<group>";
		};
		38686D2322771F2400349E02 /* Home */ = {
			isa = PBXGroup;
			children = (
				38686D2422771F5000349E02 /* HomePageVC.swift */,
				38686D282277406000349E02 /* TemplateCell.swift */,
				38686D292277406000349E02 /* TemplateCell.xib */,
			);
			path = Home;
			sourceTree = "<group>";
		};
		38743D5722580BAA00897B13 /* Coordinator */ = {
			isa = PBXGroup;
			children = (
				38743D552258072000897B13 /* EditingCoordinator.swift */,
				38743D582258114500897B13 /* EditingCoordinatorDelegate.swift */,
				3802749B2280541C00E7E5AC /* Coordinator+StateChanges.swift */,
			);
			path = Coordinator;
			sourceTree = "<group>";
		};
		38797C2322309D6B003A9D99 /* TextDesignableView */ = {
			isa = PBXGroup;
			children = (
				38732E94222FE10F00CDB703 /* TextDesignableInputView.swift */,
				38797C2422309DAF003A9D99 /* Constraints.swift */,
				38797C2622309E5A003A9D99 /* CollectionViewDelegates.swift */,
				38797C2822309E83003A9D99 /* Selectors.swift */,
			);
			path = TextDesignableView;
			sourceTree = "<group>";
		};
		387B96472229966F00824498 /* Frameworks */ = {
			isa = PBXGroup;
			children = (
				38CFAAAF22878CB000D40330 /* Zoom */,
				385D3065225A2AE80054694A /* ImagePicker */,
				38F13A02225435D1002C4109 /* CollapsibleTableViews */,
				38661B06224BF41300440AC7 /* AutoLayoutDSL */,
				3823656E2240ED990078A723 /* PhotoTweaks */,
				382365662240591D0078A723 /* Rexixable */,
				38A6687A223E8DBF00F29F52 /* Elysium */,
				38D54E1E223930E3009FCF9A /* CustomAlbum.swift */,
				388BE30D222ABBA5005BF44B /* Color Slider */,
				388BE2F022299B01005BF44B /* LiteralExtensions */,
			);
			path = Frameworks;
			sourceTree = "<group>";
		};
		388BE2F022299B01005BF44B /* LiteralExtensions */ = {
			isa = PBXGroup;
			children = (
				388BE2F122299B01005BF44B /* CGPoint+Literals.swift */,
				388BE2F222299B01005BF44B /* CGSize+Literals.swift */,
				388BE2F322299B01005BF44B /* UIEdgeInsets+Literals.swift */,
				388BE2F422299B01005BF44B /* UIOffset+Literals.swift */,
				388BE2F522299B01005BF44B /* CGRect+Literals.swift */,
			);
			path = LiteralExtensions;
			sourceTree = "<group>";
		};
		388BE30D222ABBA5005BF44B /* Color Slider */ = {
			isa = PBXGroup;
			children = (
				388BE30E222ABBA5005BF44B /* PreviewView.swift */,
				388BE30F222ABBA5005BF44B /* ColorSlider.swift */,
				388BE310222ABBA5005BF44B /* Gradient.swift */,
				388BE311222ABBA5005BF44B /* ColorSliderExtensions.swift */,
				388BE312222ABBA5005BF44B /* GradientView.swift */,
				388BE313222ABBA5005BF44B /* HSBColor.swift */,
				388BE314222ABBA5005BF44B /* DefaultPreviewView.swift */,
			);
			path = "Color Slider";
			sourceTree = "<group>";
		};
		388BE324222AD4CD005BF44B /* Engine */ = {
			isa = PBXGroup;
			children = (
				38743D5722580BAA00897B13 /* Coordinator */,
				388BE325222AD4E8005BF44B /* QMEngine.swift */,
			);
			path = Engine;
			sourceTree = "<group>";
		};
		388BE329222B065A005BF44B /* Resourcres */ = {
			isa = PBXGroup;
			children = (
				388BE32A222B0669005BF44B /* Fonts */,
			);
			path = Resourcres;
			sourceTree = "<group>";
		};
		388BE32A222B0669005BF44B /* Fonts */ = {
			isa = PBXGroup;
			children = (
				388BE32B222B067A005BF44B /* fontjek.ttf */,
				388BE32C222B069D005BF44B /* candy.otf */,
				388BE32D222B06BC005BF44B /* snow.ttf */,
				388BE32E222B0700005BF44B /* painter.ttf */,
				388BE32F222B0771005BF44B /* Fonts.swift */,
			);
			path = Fonts;
			sourceTree = "<group>";
		};
		38965078224279ED009434B4 /* StudioTab */ = {
			isa = PBXGroup;
			children = (
				38C80FB8223A837C00150FD4 /* StudioTab.swift */,
				38C80FC5223C453D00150FD4 /* TabControl.swift */,
				38661B0D224C42D300440AC7 /* StudioTabCells.swift */,
				38661B0E224C42D300440AC7 /* StudioTabCells.xib */,
			);
			path = StudioTab;
			sourceTree = "<group>";
		};
		389650792242C135009434B4 /* ImagePanel */ = {
			isa = PBXGroup;
			children = (
				384B9DA322366202007B4BD0 /* ImagePanel.swift */,
				3896507A2242C154009434B4 /* Layout.swift */,
				3896507C2242C193009434B4 /* Actions.swift */,
			);
			path = ImagePanel;
			sourceTree = "<group>";
		};
		389B938822275C88009FE9E6 /* Models */ = {
			isa = PBXGroup;
			children = (
				388BE33D222BBFDE005BF44B /* GradientModel.swift */,
				388BE389222EB50B005BF44B /* TextModel.swift */,
				380BC9952231C3B5007F87FE /* LayerModel.swift */,
				380BC9972231C40D007F87FE /* LayerFrame.swift */,
				380C78F72232C1BE006B8F8D /* BlankLayerModel.swift */,
				380C78FD2232CA9E006B8F8D /* ImageModel.swift */,
				3896507E2242DD7F009434B4 /* States.swift */,
				38115326224D0AC200DA7D3B /* Style.swift */,
				38115328224D0CE900DA7D3B /* ShapeModel.swift */,
				3818DACE227087B800202C14 /* StudioModel.swift */,
				3818DAD0227091C200202C14 /* StudioColor.swift */,
				3818DAD22270D2AF00202C14 /* StudioFont.swift */,
				3818DAD72270F63F00202C14 /* BaseModel.swift */,
				3818DAD92270FCF000202C14 /* BaseModelCollection.swift */,
			);
			path = Models;
			sourceTree = "<group>";
		};
		389B938922275CA1009FE9E6 /* Views */ = {
			isa = PBXGroup;
			children = (
				38965078224279ED009434B4 /* StudioTab */,
				381865B3223C992C006C0C56 /* ViewStack */,
				38C80FB7223A7ACB00150FD4 /* Panels */,
				38797C2322309D6B003A9D99 /* TextDesignableView */,
				388BE320222AC23C005BF44B /* OptionsButtonView.swift */,
				388BE33B222BB5AD005BF44B /* MaterialView.swift */,
				388BE345222C4FB6005BF44B /* DoneButton.swift */,
				38732E9622300DE700CDB703 /* FontCells.swift */,
				38732E9722300DE700CDB703 /* FontCells.xib */,
				38732E9A2230359500CDB703 /* LineView.swift */,
				384B9DA522369908007B4BD0 /* CloseButton.swift */,
				388BE341222C3188005BF44B /* PanelCell.swift */,
				384B9DA72236E903007B4BD0 /* QPreviewView.swift */,
				38C80FBE223A98B900150FD4 /* StateChangeControl.swift */,
				3873738B22452BBE00A1FB7B /* StudioEditorView.swift */,
				388BE339222B39D4005BF44B /* BasicLabel.swift */,
			);
			path = Views;
			sourceTree = "<group>";
		};
		389B938A22275CAB009FE9E6 /* Controller */ = {
			isa = PBXGroup;
			children = (
				38686D2322771F2400349E02 /* Home */,
				38C80FC0223B070E00150FD4 /* Studio */,
				38FEDC09222354970005EB60 /* HomeVC.swift */,
			);
			path = Controller;
			sourceTree = "<group>";
		};
		389B938B22275CB9009FE9E6 /* Core */ = {
			isa = PBXGroup;
			children = (
				3826512E227EF6CF003D2E19 /* Dimensions */,
				38D97D7622522CD900B941A0 /* StateChanges */,
				38D97D6F224FC0C600B941A0 /* Text */,
				38D97D6E224FC0B200B941A0 /* Subscriptions */,
				38D97D6D224FC09700B941A0 /* Gestures */,
				38D97D6C224FC06400B941A0 /* Layers */,
				3811532A224D0E3D00DA7D3B /* ShapeView */,
				3823656B2240671A0078A723 /* BaseView */,
				3823655F223FEB340078A723 /* BackingImage */,
				389B9391222769CD009FE9E6 /* Dimensions.swift */,
				389B938E2227689E009FE9E6 /* Utils.swift */,
			);
			path = Core;
			sourceTree = "<group>";
		};
		389B9390222768C7009FE9E6 /* Extensions */ = {
			isa = PBXGroup;
			children = (
				389B939522276BAD009FE9E6 /* Extensions.swift */,
				38732A4B222EEA9100CDB703 /* String+Ex.swift */,
				38A6687D223EED7C00F29F52 /* Colors.swift */,
				386F0B2E22414284009EF6A5 /* UIView+Extensions.swift */,
				385BB9AD225E20F6009541A3 /* UIScreen+Extensions.swift */,
			);
			path = Extensions;
			sourceTree = "<group>";
		};
		38A6687A223E8DBF00F29F52 /* Elysium */ = {
			isa = PBXGroup;
			children = (
				38A6687B223E8E3D00F29F52 /* Elysium.swift */,
			);
			path = Elysium;
			sourceTree = "<group>";
		};
		38C80FB7223A7ACB00150FD4 /* Panels */ = {
			isa = PBXGroup;
			children = (
				38D97D7422520D8300B941A0 /* Solid Fill */,
				38D97D7322520D6800B941A0 /* GradientFill */,
				38661AFD224B961600440AC7 /* StylingPanel */,
				38661AF6224907EB00440AC7 /* EditorPanel */,
				389650792242C135009434B4 /* ImagePanel */,
			);
			path = Panels;
			sourceTree = "<group>";
		};
		38C80FBA223A901800150FD4 /* Protocols */ = {
			isa = PBXGroup;
			children = (
				381865BA223CF457006C0C56 /* Generic+Protocols.swift */,
				381865BC223CF736006C0C56 /* Aliases.swift */,
			);
			path = Protocols;
			sourceTree = "<group>";
		};
		38C80FC0223B070E00150FD4 /* Studio */ = {
			isa = PBXGroup;
			children = (
				38D97D7A22531E1300B941A0 /* iPhone */,
				38D97D7922531E0200B941A0 /* iPad */,
			);
			path = Studio;
			sourceTree = "<group>";
		};
		38CFAAAF22878CB000D40330 /* Zoom */ = {
			isa = PBXGroup;
			children = (
				38CFAAB122878CCD00D40330 /* CGAffineTransform.swift */,
				38CFAAB022878CCD00D40330 /* ZoomableUIView.swift */,
			);
			path = Zoom;
			sourceTree = "<group>";
		};
		38D97D6C224FC06400B941A0 /* Layers */ = {
			isa = PBXGroup;
			children = (
				389B938C222766BB009FE9E6 /* QMImageBackingLayer.swift */,
				389B93992227834E009FE9E6 /* BlankBackingLayer.swift */,
				388BE335222B2135005BF44B /* BackingGradientlayer.swift */,
				388BE387222EB35A005BF44B /* TextBackingLayer.swift */,
			);
			path = Layers;
			sourceTree = "<group>";
		};
		38D97D6D224FC09700B941A0 /* Gestures */ = {
			isa = PBXGroup;
			children = (
				380C78FF2232D8EB006B8F8D /* WrapperView.swift */,
				3823655D223FA6D00078A723 /* GroupWrapperView.swift */,
				38236564224045390078A723 /* ResizableView.swift */,
				380C78FB2232C4C4006B8F8D /* ViewGesture.swift */,
			);
			path = Gestures;
			sourceTree = "<group>";
		};
		38D97D6E224FC0B200B941A0 /* Subscriptions */ = {
			isa = PBXGroup;
			children = (
				38C80FC3223BFAA200150FD4 /* Subscriptions.swift */,
			);
			path = Subscriptions;
			sourceTree = "<group>";
		};
		38D97D6F224FC0C600B941A0 /* Text */ = {
			isa = PBXGroup;
			children = (
				388BE38B222EC1C0005BF44B /* BackingTextView.swift */,
			);
			path = Text;
			sourceTree = "<group>";
		};
		38D97D70225192E000B941A0 /* Corners */ = {
			isa = PBXGroup;
			children = (
				38661B04224BE8DB00440AC7 /* CornersPanel.swift */,
				38D97D712251932700B941A0 /* CornersStack.swift */,
			);
			path = Corners;
			sourceTree = "<group>";
		};
		38D97D7322520D6800B941A0 /* GradientFill */ = {
			isa = PBXGroup;
			children = (
				388BE337222B369E005BF44B /* GradientPanel.swift */,
				388BE383222E7AD8005BF44B /* PointControlPad.swift */,
				388BE385222E93D0005BF44B /* PointControlview.swift */,
				389537CA2268AC37000B4E9D /* StateUpdate.swift */,
			);
			path = GradientFill;
			sourceTree = "<group>";
		};
		38D97D7422520D8300B941A0 /* Solid Fill */ = {
			isa = PBXGroup;
			children = (
				388BE327222ADC6F005BF44B /* AlphaSliderView.swift */,
				388BE31C222ABC94005BF44B /* ColorSliderPanel.swift */,
			);
			path = "Solid Fill";
			sourceTree = "<group>";
		};
		38D97D75225215F700B941A0 /* Misch */ = {
			isa = PBXGroup;
			children = (
				388BE31E222AC007005BF44B /* OptionsStack.swift */,
				388BE322222AC376005BF44B /* CreateOptions.swift */,
				389B939722277A77009FE9E6 /* CreateButton.swift */,
				3861A4A2222691B70040D819 /* ImagesVC.swift */,
				38FEDC0B222356BD0005EB60 /* QMImageEngine.swift */,
			);
			path = Misch;
			sourceTree = "<group>";
		};
		38D97D7622522CD900B941A0 /* StateChanges */ = {
			isa = PBXGroup;
			children = (
				38C80FBC223A904700150FD4 /* StateProtocol.swift */,
				38D97D7722522D3600B941A0 /* State.swift */,
			);
			path = StateChanges;
			sourceTree = "<group>";
		};
		38D97D7922531E0200B941A0 /* iPad */ = {
			isa = PBXGroup;
			children = (
				38012FED228C1E5100372516 /* Preview */,
				385D306C225A32E30054694A /* ImagePicker */,
				38F13A072254366A002C4109 /* TaskBar */,
				38F13A0822543679002C4109 /* ControlPanel */,
				38051CCF2253C28B00D9E763 /* StudiolLayoutIPad.swift */,
				38F13A0F2254C855002C4109 /* iPadStudioVC.swift */,
			);
			path = iPad;
			sourceTree = "<group>";
		};
		38D97D7A22531E1300B941A0 /* iPhone */ = {
			isa = PBXGroup;
			children = (
				38C80FC1223B073700150FD4 /* Studio+Extensions.swift */,
				389B939322276B55009FE9E6 /* StudioVC.swift */,
				38051CCD2253B90900D9E763 /* StudioLayout.swift */,
			);
			path = iPhone;
			sourceTree = "<group>";
		};
		38F13A02225435D1002C4109 /* CollapsibleTableViews */ = {
			isa = PBXGroup;
			children = (
				38F13A032254360D002C4109 /* CollapsibleTableSectionViewController.swift */,
				38F13A042254360E002C4109 /* CollapsibleTableViewHeader.swift */,
			);
			path = CollapsibleTableViews;
			sourceTree = "<group>";
		};
		38F13A072254366A002C4109 /* TaskBar */ = {
			isa = PBXGroup;
			children = (
				38743D4F2257E49A00897B13 /* StudioTaskBarController.swift */,
				38743D512257E9E500897B13 /* iPadTabControl.swift */,
				38743D532257F59E00897B13 /* TaskBarControlsProxy.swift */,
			);
			path = TaskBar;
			sourceTree = "<group>";
		};
		38F13A0822543679002C4109 /* ControlPanel */ = {
			isa = PBXGroup;
			children = (
				38F13A09225436D9002C4109 /* ContolPanelTable.swift */,
				38F13A0B2254B6FF002C4109 /* PanelContainerCell.swift */,
				38F13A0C2254B6FF002C4109 /* PanelContainerCell.xib */,
				38C2E4012265A39000EE5DEB /* ControlPanelStack.swift */,
				38C2E4032266180400EE5DEB /* StackPanelVC.swift */,
			);
			path = ControlPanel;
			sourceTree = "<group>";
		};
		38FEDBDD222352D90005EB60 = {
			isa = PBXGroup;
			children = (
				38FEDBE8222352D90005EB60 /* QuotesMaker */,
				38FEDBFD222352DB0005EB60 /* QuotesMakerTests */,
				38FEDBE7222352D90005EB60 /* Products */,
			);
			sourceTree = "<group>";
		};
		38FEDBE7222352D90005EB60 /* Products */ = {
			isa = PBXGroup;
			children = (
				38FEDBE6222352D90005EB60 /* QuotesMaker.app */,
				38FEDBFA222352DB0005EB60 /* QuotesMakerTests.xctest */,
			);
			name = Products;
			sourceTree = "<group>";
		};
		38FEDBE8222352D90005EB60 /* QuotesMaker */ = {
			isa = PBXGroup;
			children = (
				3818DAD42270E31700202C14 /* Persistence */,
				38051CCA2253B12300D9E763 /* StoryBoards */,
				38C80FBA223A901800150FD4 /* Protocols */,
				388BE329222B065A005BF44B /* Resourcres */,
				388BE324222AD4CD005BF44B /* Engine */,
				387B96472229966F00824498 /* Frameworks */,
				389B938B22275CB9009FE9E6 /* Core */,
				389B9390222768C7009FE9E6 /* Extensions */,
				389B938A22275CAB009FE9E6 /* Controller */,
				389B938922275CA1009FE9E6 /* Views */,
				389B938822275C88009FE9E6 /* Models */,
				38D97D75225215F700B941A0 /* Misch */,
				38FEDBE9222352D90005EB60 /* AppDelegate.swift */,
				38FEDBF0222352DB0005EB60 /* Assets.xcassets */,
				38FEDBF5222352DB0005EB60 /* Info.plist */,
			);
			path = QuotesMaker;
			sourceTree = "<group>";
		};
		38FEDBFD222352DB0005EB60 /* QuotesMakerTests */ = {
			isa = PBXGroup;
			children = (
				38FEDBFE222352DB0005EB60 /* QuotesMakerTests.swift */,
				38FEDC00222352DB0005EB60 /* Info.plist */,
				381865BE223CFC5E006C0C56 /* StudioVCTests.swift */,
			);
			path = QuotesMakerTests;
			sourceTree = "<group>";
		};
/* End PBXGroup section */

/* Begin PBXNativeTarget section */
		38FEDBE5222352D90005EB60 /* QuotesMaker */ = {
			isa = PBXNativeTarget;
			buildConfigurationList = 38FEDC03222352DB0005EB60 /* Build configuration list for PBXNativeTarget "QuotesMaker" */;
			buildPhases = (
				38FEDBE2222352D90005EB60 /* Sources */,
				38FEDBE3222352D90005EB60 /* Frameworks */,
				38FEDBE4222352D90005EB60 /* Resources */,
				387B964B2229973700824498 /* Embed Frameworks */,
			);
			buildRules = (
			);
			dependencies = (
			);
			name = QuotesMaker;
			productName = QuotesMaker;
			productReference = 38FEDBE6222352D90005EB60 /* QuotesMaker.app */;
			productType = "com.apple.product-type.application";
		};
		38FEDBF9222352DB0005EB60 /* QuotesMakerTests */ = {
			isa = PBXNativeTarget;
			buildConfigurationList = 38FEDC06222352DB0005EB60 /* Build configuration list for PBXNativeTarget "QuotesMakerTests" */;
			buildPhases = (
				38FEDBF6222352DB0005EB60 /* Sources */,
				38FEDBF7222352DB0005EB60 /* Frameworks */,
				38FEDBF8222352DB0005EB60 /* Resources */,
			);
			buildRules = (
			);
			dependencies = (
				38FEDBFC222352DB0005EB60 /* PBXTargetDependency */,
			);
			name = QuotesMakerTests;
			productName = QuotesMakerTests;
			productReference = 38FEDBFA222352DB0005EB60 /* QuotesMakerTests.xctest */;
			productType = "com.apple.product-type.bundle.unit-test";
		};
/* End PBXNativeTarget section */

/* Begin PBXProject section */
		38FEDBDE222352D90005EB60 /* Project object */ = {
			isa = PBXProject;
			attributes = {
				LastSwiftUpdateCheck = 1010;
				LastUpgradeCheck = 1010;
				ORGANIZATIONNAME = "Shadrach Mensah";
				TargetAttributes = {
					38FEDBE5222352D90005EB60 = {
						CreatedOnToolsVersion = 10.1;
						LastSwiftMigration = 1010;
					};
					38FEDBF9222352DB0005EB60 = {
						CreatedOnToolsVersion = 10.1;
						TestTargetID = 38FEDBE5222352D90005EB60;
					};
				};
			};
			buildConfigurationList = 38FEDBE1222352D90005EB60 /* Build configuration list for PBXProject "QuotesMaker" */;
			compatibilityVersion = "Xcode 9.3";
			developmentRegion = en;
			hasScannedForEncodings = 0;
			knownRegions = (
				en,
				Base,
			);
			mainGroup = 38FEDBDD222352D90005EB60;
			productRefGroup = 38FEDBE7222352D90005EB60 /* Products */;
			projectDirPath = "";
			projectRoot = "";
			targets = (
				38FEDBE5222352D90005EB60 /* QuotesMaker */,
				38FEDBF9222352DB0005EB60 /* QuotesMakerTests */,
			);
		};
/* End PBXProject section */

/* Begin PBXResourcesBuildPhase section */
		38FEDBE4222352D90005EB60 /* Resources */ = {
			isa = PBXResourcesBuildPhase;
			buildActionMask = 2147483647;
			files = (
				38661AFC2249088300440AC7 /* ShapesCell.xib in Resources */,
				388BE332222B0C5D005BF44B /* snow.ttf in Resources */,
				388BE333222B0C61005BF44B /* candy.otf in Resources */,
				388BE334222B0C65005BF44B /* fontjek.ttf in Resources */,
				38FEDBF4222352DB0005EB60 /* LaunchScreen.storyboard in Resources */,
				38661B10224C42D300440AC7 /* StudioTabCells.xib in Resources */,
				38FEDBF1222352DB0005EB60 /* Assets.xcassets in Resources */,
				388BE331222B0A16005BF44B /* painter.ttf in Resources */,
				381865B9223C9E1F006C0C56 /* StackCell.xib in Resources */,
				38732E9922300DE700CDB703 /* FontCells.xib in Resources */,
				38051CCC2253B14F00D9E763 /* iPadMain.storyboard in Resources */,
				385D306B225A2C9D0054694A /* GridViewCell.xib in Resources */,
				388BE344222C3188005BF44B /* PanelCell.xib in Resources */,
				38686D2B2277406000349E02 /* TemplateCell.xib in Resources */,
				38F13A0E2254B6FF002C4109 /* PanelContainerCell.xib in Resources */,
				38FEDBEF222352D90005EB60 /* Main.storyboard in Resources */,
			);
			runOnlyForDeploymentPostprocessing = 0;
		};
		38FEDBF8222352DB0005EB60 /* Resources */ = {
			isa = PBXResourcesBuildPhase;
			buildActionMask = 2147483647;
			files = (
			);
			runOnlyForDeploymentPostprocessing = 0;
		};
/* End PBXResourcesBuildPhase section */

/* Begin PBXSourcesBuildPhase section */
		38FEDBE2222352D90005EB60 /* Sources */ = {
			isa = PBXSourcesBuildPhase;
			buildActionMask = 2147483647;
			files = (
				384B9DA82236E903007B4BD0 /* QPreviewView.swift in Sources */,
				38C80FBD223A904700150FD4 /* StateProtocol.swift in Sources */,
				3861A4A3222691B70040D819 /* ImagesVC.swift in Sources */,
				38A6687C223E8E3D00F29F52 /* Elysium.swift in Sources */,
				389B939822277A77009FE9E6 /* CreateButton.swift in Sources */,
				380C78FC2232C4C4006B8F8D /* ViewGesture.swift in Sources */,
				388BE319222ABBA5005BF44B /* GradientView.swift in Sources */,
				38797C2922309E83003A9D99 /* Selectors.swift in Sources */,
				38732E9822300DE700CDB703 /* FontCells.swift in Sources */,
				38C80FBF223A98B900150FD4 /* StateChangeControl.swift in Sources */,
				388BE321222AC23C005BF44B /* OptionsButtonView.swift in Sources */,
				388BE31F222AC007005BF44B /* OptionsStack.swift in Sources */,
				388BE316222ABBA5005BF44B /* ColorSlider.swift in Sources */,
				389B939622276BAD009FE9E6 /* Extensions.swift in Sources */,
				382365762240ED9A0078A723 /* PhotoTweakView.m in Sources */,
				38D97D722251932700B941A0 /* CornersStack.swift in Sources */,
				382365752240ED9A0078A723 /* UIColor+Tweak.m in Sources */,
				3818DACF227087B800202C14 /* StudioModel.swift in Sources */,
				388BE2FC2229A458005BF44B /* BaseView.swift in Sources */,
				38661B05224BE8DB00440AC7 /* CornersPanel.swift in Sources */,
				3896507D2242C193009434B4 /* Actions.swift in Sources */,
				38732E95222FE10F00CDB703 /* TextDesignableInputView.swift in Sources */,
				388BE343222C3188005BF44B /* PanelCell.swift in Sources */,
				388BE2FA22299B01005BF44B /* CGRect+Literals.swift in Sources */,
				38661B0C224C06E900440AC7 /* Opereators.swift in Sources */,
				38236563223FFE260078A723 /* Cropview.swift in Sources */,
				38CFAAB322878CCD00D40330 /* CGAffineTransform.swift in Sources */,
				38C80FC4223BFAA200150FD4 /* Subscriptions.swift in Sources */,
				388BE38A222EB50B005BF44B /* TextModel.swift in Sources */,
				388BE33C222BB5AD005BF44B /* MaterialView.swift in Sources */,
				38FEDC0C222356BD0005EB60 /* QMImageEngine.swift in Sources */,
				388BE323222AC376005BF44B /* CreateOptions.swift in Sources */,
				388BE2F722299B01005BF44B /* CGSize+Literals.swift in Sources */,
				38C2E4042266180400EE5DEB /* StackPanelVC.swift in Sources */,
				38797C2522309DAF003A9D99 /* Constraints.swift in Sources */,
				38265130227EF703003D2E19 /* Canvas.swift in Sources */,
				381865B5223C9972006C0C56 /* LayerStack.swift in Sources */,
				388BE336222B2135005BF44B /* BackingGradientlayer.swift in Sources */,
				38A6687E223EED7C00F29F52 /* Colors.swift in Sources */,
				388BE2F622299B01005BF44B /* CGPoint+Literals.swift in Sources */,
				38F13A062254360E002C4109 /* CollapsibleTableViewHeader.swift in Sources */,
				38051CCE2253B90900D9E763 /* StudioLayout.swift in Sources */,
				388BE384222E7AD8005BF44B /* PointControlPad.swift in Sources */,
				3896507F2242DD7F009434B4 /* States.swift in Sources */,
				38661B01224BE85A00440AC7 /* ShadowView.swift in Sources */,
				3823656D2240674F0078A723 /* +Resizing.swift in Sources */,
				38743D562258072000897B13 /* EditingCoordinator.swift in Sources */,
				38686D2522771F5000349E02 /* HomePageVC.swift in Sources */,
				38C80FC6223C453D00150FD4 /* TabControl.swift in Sources */,
				38F13A102254C855002C4109 /* iPadStudioVC.swift in Sources */,
				388BE2F822299B01005BF44B /* UIEdgeInsets+Literals.swift in Sources */,
				3823655E223FA6D00078A723 /* GroupWrapperView.swift in Sources */,
				38115327224D0AC200DA7D3B /* Style.swift in Sources */,
				380C79002232D8EB006B8F8D /* WrapperView.swift in Sources */,
				38115329224D0CE900DA7D3B /* ShapeModel.swift in Sources */,
				38743D502257E49A00897B13 /* StudioTaskBarController.swift in Sources */,
				38F13A052254360E002C4109 /* CollapsibleTableSectionViewController.swift in Sources */,
				388BE318222ABBA5005BF44B /* ColorSliderExtensions.swift in Sources */,
				3873738C22452BBE00A1FB7B /* StudioEditorView.swift in Sources */,
				3818DAD1227091C200202C14 /* StudioColor.swift in Sources */,
				3833521F22819CF800DA6857 /* SPUserResizableView.m in Sources */,
				38661AFF224B964100440AC7 /* StylingPanel.swift in Sources */,
				388BE33E222BBFDE005BF44B /* GradientModel.swift in Sources */,
				38732A4C222EEA9100CDB703 /* String+Ex.swift in Sources */,
				386F0B2F22414284009EF6A5 /* UIView+Extensions.swift in Sources */,
				38C2E4022265A39000EE5DEB /* ControlPanelStack.swift in Sources */,
				38115330224D228400DA7D3B /* SuperRectView.swift in Sources */,
				38236565224045390078A723 /* ResizableView.swift in Sources */,
				38FEDBEA222352D90005EB60 /* AppDelegate.swift in Sources */,
				3811532E224D17B000DA7D3B /* StyleSelectors.swift in Sources */,
				388BE346222C4FB6005BF44B /* DoneButton.swift in Sources */,
				38C80FB9223A837C00150FD4 /* StudioTab.swift in Sources */,
				38661B03224BE89E00440AC7 /* BorderPanel.swift in Sources */,
				384B9DA622369908007B4BD0 /* CloseButton.swift in Sources */,
				389B939A2227834E009FE9E6 /* BlankBackingLayer.swift in Sources */,
				382365772240ED9A0078A723 /* PhotoTweaksViewController.m in Sources */,
				3826512D227E4A78003D2E19 /* RotationView.swift in Sources */,
				38F13A0A225436D9002C4109 /* ContolPanelTable.swift in Sources */,
				388BE338222B369E005BF44B /* GradientPanel.swift in Sources */,
				385D3067225A2BBB0054694A /* AssetGridViewController.swift in Sources */,
				38AA311522442AF50050604A /* BaseContentView.swift in Sources */,
				388BE31D222ABC94005BF44B /* ColorSliderPanel.swift in Sources */,
				3896507B2242C154009434B4 /* Layout.swift in Sources */,
				38743D542257F59E00897B13 /* TaskBarControlsProxy.swift in Sources */,
				388BE315222ABBA5005BF44B /* PreviewView.swift in Sources */,
				38D97D7822522D3600B941A0 /* State.swift in Sources */,
				380C78F82232C1BE006B8F8D /* BlankLayerModel.swift in Sources */,
				389B939422276B55009FE9E6 /* StudioVC.swift in Sources */,
				388BE2F922299B01005BF44B /* UIOffset+Literals.swift in Sources */,
				38C80FC2223B073700150FD4 /* Studio+Extensions.swift in Sources */,
				3811532C224D0E5B00DA7D3B /* RectView.swift in Sources */,
				3818DADE227112DE00202C14 /* Saving.swift in Sources */,
				38C697F5225D05FA009C8CCD /* PickerNavController.swift in Sources */,
				388BE317222ABBA5005BF44B /* Gradient.swift in Sources */,
				38743D522257E9E500897B13 /* iPadTabControl.swift in Sources */,
				385D306A225A2C9D0054694A /* GridViewCell.swift in Sources */,
				381865BB223CF457006C0C56 /* Generic+Protocols.swift in Sources */,
				380C78FE2232CA9E006B8F8D /* ImageModel.swift in Sources */,
				388BE328222ADC6F005BF44B /* AlphaSliderView.swift in Sources */,
				381865BD223CF736006C0C56 /* Aliases.swift in Sources */,
				389B938D222766BB009FE9E6 /* QMImageBackingLayer.swift in Sources */,
				38236561223FEB640078A723 /* +StateChangeable.swift in Sources */,
				380BC9962231C3B5007F87FE /* LayerModel.swift in Sources */,
				38743D592258114500897B13 /* EditingCoordinatorDelegate.swift in Sources */,
				38686D2A2277406000349E02 /* TemplateCell.swift in Sources */,
				38051CD02253C28B00D9E763 /* StudiolLayoutIPad.swift in Sources */,
				3818DADA2270FCF000202C14 /* BaseModelCollection.swift in Sources */,
				3818DAD32270D2AF00202C14 /* StudioFont.swift in Sources */,
				388BE330222B0771005BF44B /* Fonts.swift in Sources */,
				38FEDC0A222354970005EB60 /* HomeVC.swift in Sources */,
				3802749C2280541C00E7E5AC /* Coordinator+StateChanges.swift in Sources */,
				3818DADC2271127900202C14 /* FileManager+Extensions.swift in Sources */,
				388BE386222E93D0005BF44B /* PointControlview.swift in Sources */,
				389537CB2268AC37000B4E9D /* StateUpdate.swift in Sources */,
				38F13A0D2254B6FF002C4109 /* PanelContainerCell.swift in Sources */,
				38797C2722309E5A003A9D99 /* CollectionViewDelegates.swift in Sources */,
				38661B0F224C42D300440AC7 /* StudioTabCells.swift in Sources */,
				388BE31A222ABBA5005BF44B /* HSBColor.swift in Sources */,
				38CFAAB222878CCD00D40330 /* ZoomableUIView.swift in Sources */,
				388BE33A222B39D4005BF44B /* BasicLabel.swift in Sources */,
				388BE326222AD4E8005BF44B /* QMEngine.swift in Sources */,
				381865B8223C9E1F006C0C56 /* StackCell.swift in Sources */,
				38661B0A224BF4E000440AC7 /* LayoutProperty.swift in Sources */,
				3818DAD62270EAFB00202C14 /* Persistence.swift in Sources */,
				385BB9AE225E20F6009541A3 /* UIScreen+Extensions.swift in Sources */,
				380BC9982231C40D007F87FE /* LayerFrame.swift in Sources */,
				380C78FA2232C454006B8F8D /* BackingImageView.swift in Sources */,
				388BE31B222ABBA5005BF44B /* DefaultPreviewView.swift in Sources */,
				38661B08224BF44200440AC7 /* Protocols.swift in Sources */,
				388BE388222EB35A005BF44B /* TextBackingLayer.swift in Sources */,
				3818DAD82270F63F00202C14 /* BaseModel.swift in Sources */,
				388BE340222C2E7F005BF44B /* EditorPanel.swift in Sources */,
				384B9DA422366202007B4BD0 /* ImagePanel.swift in Sources */,
				38732E9B2230359500CDB703 /* LineView.swift in Sources */,
				388BE38C222EC1C0005BF44B /* BackingTextView.swift in Sources */,
				389B9392222769CD009FE9E6 /* Dimensions.swift in Sources */,
				38D54E1F223930E3009FCF9A /* CustomAlbum.swift in Sources */,
				389B938F2227689E009FE9E6 /* Utils.swift in Sources */,
				38661AFB2249088300440AC7 /* ShapesCell.swift in Sources */,
			);
			runOnlyForDeploymentPostprocessing = 0;
		};
		38FEDBF6222352DB0005EB60 /* Sources */ = {
			isa = PBXSourcesBuildPhase;
			buildActionMask = 2147483647;
			files = (
				381865BF223CFC5E006C0C56 /* StudioVCTests.swift in Sources */,
				38FEDBFF222352DB0005EB60 /* QuotesMakerTests.swift in Sources */,
			);
			runOnlyForDeploymentPostprocessing = 0;
		};
/* End PBXSourcesBuildPhase section */

/* Begin PBXTargetDependency section */
		38FEDBFC222352DB0005EB60 /* PBXTargetDependency */ = {
			isa = PBXTargetDependency;
			target = 38FEDBE5222352D90005EB60 /* QuotesMaker */;
			targetProxy = 38FEDBFB222352DB0005EB60 /* PBXContainerItemProxy */;
		};
/* End PBXTargetDependency section */

/* Begin PBXVariantGroup section */
		38FEDBED222352D90005EB60 /* Main.storyboard */ = {
			isa = PBXVariantGroup;
			children = (
				38FEDBEE222352D90005EB60 /* Base */,
			);
			name = Main.storyboard;
			sourceTree = "<group>";
		};
		38FEDBF2222352DB0005EB60 /* LaunchScreen.storyboard */ = {
			isa = PBXVariantGroup;
			children = (
				38FEDBF3222352DB0005EB60 /* Base */,
			);
			name = LaunchScreen.storyboard;
			sourceTree = "<group>";
		};
/* End PBXVariantGroup section */

/* Begin XCBuildConfiguration section */
		38FEDC01222352DB0005EB60 /* Debug */ = {
			isa = XCBuildConfiguration;
			buildSettings = {
				ALWAYS_SEARCH_USER_PATHS = NO;
				CLANG_ANALYZER_NONNULL = YES;
				CLANG_ANALYZER_NUMBER_OBJECT_CONVERSION = YES_AGGRESSIVE;
				CLANG_CXX_LANGUAGE_STANDARD = "gnu++14";
				CLANG_CXX_LIBRARY = "libc++";
				CLANG_ENABLE_MODULES = YES;
				CLANG_ENABLE_OBJC_ARC = YES;
				CLANG_ENABLE_OBJC_WEAK = YES;
				CLANG_WARN_BLOCK_CAPTURE_AUTORELEASING = YES;
				CLANG_WARN_BOOL_CONVERSION = YES;
				CLANG_WARN_COMMA = YES;
				CLANG_WARN_CONSTANT_CONVERSION = YES;
				CLANG_WARN_DEPRECATED_OBJC_IMPLEMENTATIONS = YES;
				CLANG_WARN_DIRECT_OBJC_ISA_USAGE = YES_ERROR;
				CLANG_WARN_DOCUMENTATION_COMMENTS = YES;
				CLANG_WARN_EMPTY_BODY = YES;
				CLANG_WARN_ENUM_CONVERSION = YES;
				CLANG_WARN_INFINITE_RECURSION = YES;
				CLANG_WARN_INT_CONVERSION = YES;
				CLANG_WARN_NON_LITERAL_NULL_CONVERSION = YES;
				CLANG_WARN_OBJC_IMPLICIT_RETAIN_SELF = YES;
				CLANG_WARN_OBJC_LITERAL_CONVERSION = YES;
				CLANG_WARN_OBJC_ROOT_CLASS = YES_ERROR;
				CLANG_WARN_RANGE_LOOP_ANALYSIS = YES;
				CLANG_WARN_STRICT_PROTOTYPES = YES;
				CLANG_WARN_SUSPICIOUS_MOVE = YES;
				CLANG_WARN_UNGUARDED_AVAILABILITY = YES_AGGRESSIVE;
				CLANG_WARN_UNREACHABLE_CODE = YES;
				CLANG_WARN__DUPLICATE_METHOD_MATCH = YES;
				CODE_SIGN_IDENTITY = "iPhone Developer";
				COPY_PHASE_STRIP = NO;
				DEBUG_INFORMATION_FORMAT = dwarf;
				ENABLE_STRICT_OBJC_MSGSEND = YES;
				ENABLE_TESTABILITY = YES;
				GCC_C_LANGUAGE_STANDARD = gnu11;
				GCC_DYNAMIC_NO_PIC = NO;
				GCC_NO_COMMON_BLOCKS = YES;
				GCC_OPTIMIZATION_LEVEL = 0;
				GCC_PREPROCESSOR_DEFINITIONS = (
					"DEBUG=1",
					"$(inherited)",
				);
				GCC_WARN_64_TO_32_BIT_CONVERSION = YES;
				GCC_WARN_ABOUT_RETURN_TYPE = YES_ERROR;
				GCC_WARN_UNDECLARED_SELECTOR = YES;
				GCC_WARN_UNINITIALIZED_AUTOS = YES_AGGRESSIVE;
				GCC_WARN_UNUSED_FUNCTION = YES;
				GCC_WARN_UNUSED_VARIABLE = YES;
				IPHONEOS_DEPLOYMENT_TARGET = 12.1;
				MTL_ENABLE_DEBUG_INFO = INCLUDE_SOURCE;
				MTL_FAST_MATH = YES;
				ONLY_ACTIVE_ARCH = YES;
				SDKROOT = iphoneos;
				SWIFT_ACTIVE_COMPILATION_CONDITIONS = DEBUG;
				SWIFT_OPTIMIZATION_LEVEL = "-Onone";
			};
			name = Debug;
		};
		38FEDC02222352DB0005EB60 /* Release */ = {
			isa = XCBuildConfiguration;
			buildSettings = {
				ALWAYS_SEARCH_USER_PATHS = NO;
				CLANG_ANALYZER_NONNULL = YES;
				CLANG_ANALYZER_NUMBER_OBJECT_CONVERSION = YES_AGGRESSIVE;
				CLANG_CXX_LANGUAGE_STANDARD = "gnu++14";
				CLANG_CXX_LIBRARY = "libc++";
				CLANG_ENABLE_MODULES = YES;
				CLANG_ENABLE_OBJC_ARC = YES;
				CLANG_ENABLE_OBJC_WEAK = YES;
				CLANG_WARN_BLOCK_CAPTURE_AUTORELEASING = YES;
				CLANG_WARN_BOOL_CONVERSION = YES;
				CLANG_WARN_COMMA = YES;
				CLANG_WARN_CONSTANT_CONVERSION = YES;
				CLANG_WARN_DEPRECATED_OBJC_IMPLEMENTATIONS = YES;
				CLANG_WARN_DIRECT_OBJC_ISA_USAGE = YES_ERROR;
				CLANG_WARN_DOCUMENTATION_COMMENTS = YES;
				CLANG_WARN_EMPTY_BODY = YES;
				CLANG_WARN_ENUM_CONVERSION = YES;
				CLANG_WARN_INFINITE_RECURSION = YES;
				CLANG_WARN_INT_CONVERSION = YES;
				CLANG_WARN_NON_LITERAL_NULL_CONVERSION = YES;
				CLANG_WARN_OBJC_IMPLICIT_RETAIN_SELF = YES;
				CLANG_WARN_OBJC_LITERAL_CONVERSION = YES;
				CLANG_WARN_OBJC_ROOT_CLASS = YES_ERROR;
				CLANG_WARN_RANGE_LOOP_ANALYSIS = YES;
				CLANG_WARN_STRICT_PROTOTYPES = YES;
				CLANG_WARN_SUSPICIOUS_MOVE = YES;
				CLANG_WARN_UNGUARDED_AVAILABILITY = YES_AGGRESSIVE;
				CLANG_WARN_UNREACHABLE_CODE = YES;
				CLANG_WARN__DUPLICATE_METHOD_MATCH = YES;
				CODE_SIGN_IDENTITY = "iPhone Developer";
				COPY_PHASE_STRIP = NO;
				DEBUG_INFORMATION_FORMAT = "dwarf-with-dsym";
				ENABLE_NS_ASSERTIONS = NO;
				ENABLE_STRICT_OBJC_MSGSEND = YES;
				GCC_C_LANGUAGE_STANDARD = gnu11;
				GCC_NO_COMMON_BLOCKS = YES;
				GCC_WARN_64_TO_32_BIT_CONVERSION = YES;
				GCC_WARN_ABOUT_RETURN_TYPE = YES_ERROR;
				GCC_WARN_UNDECLARED_SELECTOR = YES;
				GCC_WARN_UNINITIALIZED_AUTOS = YES_AGGRESSIVE;
				GCC_WARN_UNUSED_FUNCTION = YES;
				GCC_WARN_UNUSED_VARIABLE = YES;
				IPHONEOS_DEPLOYMENT_TARGET = 12.1;
				MTL_ENABLE_DEBUG_INFO = NO;
				MTL_FAST_MATH = YES;
				SDKROOT = iphoneos;
				SWIFT_COMPILATION_MODE = wholemodule;
				SWIFT_OPTIMIZATION_LEVEL = "-O";
				VALIDATE_PRODUCT = YES;
			};
			name = Release;
		};
		38FEDC04222352DB0005EB60 /* Debug */ = {
			isa = XCBuildConfiguration;
			buildSettings = {
				ASSETCATALOG_COMPILER_APPICON_NAME = AppIcon;
				CLANG_ENABLE_MODULES = YES;
				CODE_SIGN_STYLE = Automatic;
				DEVELOPMENT_TEAM = MB46J93Q7Z;
				INFOPLIST_FILE = QuotesMaker/Info.plist;
				IPHONEOS_DEPLOYMENT_TARGET = 9.0;
				LD_RUNPATH_SEARCH_PATHS = (
					"$(inherited)",
					"@executable_path/Frameworks",
				);
				PRODUCT_BUNDLE_IDENTIFIER = com.codesworth.QuotesMaker;
				PRODUCT_NAME = "$(TARGET_NAME)";
				SWIFT_OBJC_BRIDGING_HEADER = "QuotesMaker/Frameworks/Rexixable/QuotesMaker-Bridging-Header.h";
				SWIFT_OPTIMIZATION_LEVEL = "-Onone";
				SWIFT_VERSION = 4.2;
				TARGETED_DEVICE_FAMILY = "1,2";
			};
			name = Debug;
		};
		38FEDC05222352DB0005EB60 /* Release */ = {
			isa = XCBuildConfiguration;
			buildSettings = {
				ASSETCATALOG_COMPILER_APPICON_NAME = AppIcon;
				CLANG_ENABLE_MODULES = YES;
				CODE_SIGN_STYLE = Automatic;
				DEVELOPMENT_TEAM = MB46J93Q7Z;
				INFOPLIST_FILE = QuotesMaker/Info.plist;
				IPHONEOS_DEPLOYMENT_TARGET = 9.0;
				LD_RUNPATH_SEARCH_PATHS = (
					"$(inherited)",
					"@executable_path/Frameworks",
				);
				PRODUCT_BUNDLE_IDENTIFIER = com.codesworth.QuotesMaker;
				PRODUCT_NAME = "$(TARGET_NAME)";
				SWIFT_OBJC_BRIDGING_HEADER = "QuotesMaker/Frameworks/Rexixable/QuotesMaker-Bridging-Header.h";
				SWIFT_VERSION = 4.2;
				TARGETED_DEVICE_FAMILY = "1,2";
			};
			name = Release;
		};
		38FEDC07222352DB0005EB60 /* Debug */ = {
			isa = XCBuildConfiguration;
			buildSettings = {
				ALWAYS_EMBED_SWIFT_STANDARD_LIBRARIES = YES;
				BUNDLE_LOADER = "$(TEST_HOST)";
				CODE_SIGN_STYLE = Automatic;
				DEVELOPMENT_TEAM = MB46J93Q7Z;
				INFOPLIST_FILE = QuotesMakerTests/Info.plist;
				LD_RUNPATH_SEARCH_PATHS = (
					"$(inherited)",
					"@executable_path/Frameworks",
					"@loader_path/Frameworks",
				);
				PRODUCT_BUNDLE_IDENTIFIER = com.codesworth.QuotesMakerTests;
				PRODUCT_NAME = "$(TARGET_NAME)";
				SWIFT_VERSION = 4.2;
				TARGETED_DEVICE_FAMILY = "1,2";
				TEST_HOST = "$(BUILT_PRODUCTS_DIR)/QuotesMaker.app/QuotesMaker";
			};
			name = Debug;
		};
		38FEDC08222352DB0005EB60 /* Release */ = {
			isa = XCBuildConfiguration;
			buildSettings = {
				ALWAYS_EMBED_SWIFT_STANDARD_LIBRARIES = YES;
				BUNDLE_LOADER = "$(TEST_HOST)";
				CODE_SIGN_STYLE = Automatic;
				DEVELOPMENT_TEAM = MB46J93Q7Z;
				INFOPLIST_FILE = QuotesMakerTests/Info.plist;
				LD_RUNPATH_SEARCH_PATHS = (
					"$(inherited)",
					"@executable_path/Frameworks",
					"@loader_path/Frameworks",
				);
				PRODUCT_BUNDLE_IDENTIFIER = com.codesworth.QuotesMakerTests;
				PRODUCT_NAME = "$(TARGET_NAME)";
				SWIFT_VERSION = 4.2;
				TARGETED_DEVICE_FAMILY = "1,2";
				TEST_HOST = "$(BUILT_PRODUCTS_DIR)/QuotesMaker.app/QuotesMaker";
			};
			name = Release;
		};
/* End XCBuildConfiguration section */

/* Begin XCConfigurationList section */
		38FEDBE1222352D90005EB60 /* Build configuration list for PBXProject "QuotesMaker" */ = {
			isa = XCConfigurationList;
			buildConfigurations = (
				38FEDC01222352DB0005EB60 /* Debug */,
				38FEDC02222352DB0005EB60 /* Release */,
			);
			defaultConfigurationIsVisible = 0;
			defaultConfigurationName = Release;
		};
		38FEDC03222352DB0005EB60 /* Build configuration list for PBXNativeTarget "QuotesMaker" */ = {
			isa = XCConfigurationList;
			buildConfigurations = (
				38FEDC04222352DB0005EB60 /* Debug */,
				38FEDC05222352DB0005EB60 /* Release */,
			);
			defaultConfigurationIsVisible = 0;
			defaultConfigurationName = Release;
		};
		38FEDC06222352DB0005EB60 /* Build configuration list for PBXNativeTarget "QuotesMakerTests" */ = {
			isa = XCConfigurationList;
			buildConfigurations = (
				38FEDC07222352DB0005EB60 /* Debug */,
				38FEDC08222352DB0005EB60 /* Release */,
			);
			defaultConfigurationIsVisible = 0;
			defaultConfigurationName = Release;
		};
/* End XCConfigurationList section */
	};
	rootObject = 38FEDBDE222352D90005EB60 /* Project object */;
}
