// !$*UTF8*$!
{
	archiveVersion = 1;
	classes = {
	};
	objectVersion = 50;
	objects = {

/* Begin PBXBuildFile section */
		3861A4A3222691B70040D819 /* ImagesVC.swift in Sources */ = {isa = PBXBuildFile; fileRef = 3861A4A2222691B70040D819 /* ImagesVC.swift */; };
		388BE2F622299B01005BF44B /* CGPoint+Literals.swift in Sources */ = {isa = PBXBuildFile; fileRef = 388BE2F122299B01005BF44B /* CGPoint+Literals.swift */; };
		388BE2F722299B01005BF44B /* CGSize+Literals.swift in Sources */ = {isa = PBXBuildFile; fileRef = 388BE2F222299B01005BF44B /* CGSize+Literals.swift */; };
		388BE2F822299B01005BF44B /* UIEdgeInsets+Literals.swift in Sources */ = {isa = PBXBuildFile; fileRef = 388BE2F322299B01005BF44B /* UIEdgeInsets+Literals.swift */; };
		388BE2F922299B01005BF44B /* UIOffset+Literals.swift in Sources */ = {isa = PBXBuildFile; fileRef = 388BE2F422299B01005BF44B /* UIOffset+Literals.swift */; };
		388BE2FA22299B01005BF44B /* CGRect+Literals.swift in Sources */ = {isa = PBXBuildFile; fileRef = 388BE2F522299B01005BF44B /* CGRect+Literals.swift */; };
		388BE2FC2229A458005BF44B /* BaseView.swift in Sources */ = {isa = PBXBuildFile; fileRef = 388BE2FB2229A458005BF44B /* BaseView.swift */; };
		388BE315222ABBA5005BF44B /* PreviewView.swift in Sources */ = {isa = PBXBuildFile; fileRef = 388BE30E222ABBA5005BF44B /* PreviewView.swift */; };
		388BE316222ABBA5005BF44B /* ColorSlider.swift in Sources */ = {isa = PBXBuildFile; fileRef = 388BE30F222ABBA5005BF44B /* ColorSlider.swift */; };
		388BE317222ABBA5005BF44B /* Gradient.swift in Sources */ = {isa = PBXBuildFile; fileRef = 388BE310222ABBA5005BF44B /* Gradient.swift */; };
		388BE318222ABBA5005BF44B /* ColorSliderExtensions.swift in Sources */ = {isa = PBXBuildFile; fileRef = 388BE311222ABBA5005BF44B /* ColorSliderExtensions.swift */; };
		388BE319222ABBA5005BF44B /* GradientView.swift in Sources */ = {isa = PBXBuildFile; fileRef = 388BE312222ABBA5005BF44B /* GradientView.swift */; };
		388BE31A222ABBA5005BF44B /* HSBColor.swift in Sources */ = {isa = PBXBuildFile; fileRef = 388BE313222ABBA5005BF44B /* HSBColor.swift */; };
		388BE31B222ABBA5005BF44B /* DefaultPreviewView.swift in Sources */ = {isa = PBXBuildFile; fileRef = 388BE314222ABBA5005BF44B /* DefaultPreviewView.swift */; };
		388BE31D222ABC94005BF44B /* ColorPickerView.swift in Sources */ = {isa = PBXBuildFile; fileRef = 388BE31C222ABC94005BF44B /* ColorPickerView.swift */; };
		389B938D222766BB009FE9E6 /* QMImageBackingLayer.swift in Sources */ = {isa = PBXBuildFile; fileRef = 389B938C222766BB009FE9E6 /* QMImageBackingLayer.swift */; };
		389B938F2227689E009FE9E6 /* Utils.swift in Sources */ = {isa = PBXBuildFile; fileRef = 389B938E2227689E009FE9E6 /* Utils.swift */; };
		389B9392222769CD009FE9E6 /* Dimensions.swift in Sources */ = {isa = PBXBuildFile; fileRef = 389B9391222769CD009FE9E6 /* Dimensions.swift */; };
		389B939422276B55009FE9E6 /* QMBaseVC.swift in Sources */ = {isa = PBXBuildFile; fileRef = 389B939322276B55009FE9E6 /* QMBaseVC.swift */; };
		389B939622276BAD009FE9E6 /* Extensions.swift in Sources */ = {isa = PBXBuildFile; fileRef = 389B939522276BAD009FE9E6 /* Extensions.swift */; };
		389B939822277A77009FE9E6 /* CreateButton.swift in Sources */ = {isa = PBXBuildFile; fileRef = 389B939722277A77009FE9E6 /* CreateButton.swift */; };
		389B939A2227834E009FE9E6 /* BlankImageBackingLayer.swift in Sources */ = {isa = PBXBuildFile; fileRef = 389B93992227834E009FE9E6 /* BlankImageBackingLayer.swift */; };
		38FEDBEA222352D90005EB60 /* AppDelegate.swift in Sources */ = {isa = PBXBuildFile; fileRef = 38FEDBE9222352D90005EB60 /* AppDelegate.swift */; };
		38FEDBEF222352D90005EB60 /* Main.storyboard in Resources */ = {isa = PBXBuildFile; fileRef = 38FEDBED222352D90005EB60 /* Main.storyboard */; };
		38FEDBF1222352DB0005EB60 /* Assets.xcassets in Resources */ = {isa = PBXBuildFile; fileRef = 38FEDBF0222352DB0005EB60 /* Assets.xcassets */; };
		38FEDBF4222352DB0005EB60 /* LaunchScreen.storyboard in Resources */ = {isa = PBXBuildFile; fileRef = 38FEDBF2222352DB0005EB60 /* LaunchScreen.storyboard */; };
		38FEDBFF222352DB0005EB60 /* QuotesMakerTests.swift in Sources */ = {isa = PBXBuildFile; fileRef = 38FEDBFE222352DB0005EB60 /* QuotesMakerTests.swift */; };
		38FEDC0A222354970005EB60 /* HomeVC.swift in Sources */ = {isa = PBXBuildFile; fileRef = 38FEDC09222354970005EB60 /* HomeVC.swift */; };
		38FEDC0C222356BD0005EB60 /* QMImageEngine.swift in Sources */ = {isa = PBXBuildFile; fileRef = 38FEDC0B222356BD0005EB60 /* QMImageEngine.swift */; };
/* End PBXBuildFile section */

/* Begin PBXContainerItemProxy section */
		38FEDBFB222352DB0005EB60 /* PBXContainerItemProxy */ = {
			isa = PBXContainerItemProxy;
			containerPortal = 38FEDBDE222352D90005EB60 /* Project object */;
			proxyType = 1;
			remoteGlobalIDString = 38FEDBE5222352D90005EB60;
			remoteInfo = QuotesMaker;
		};
/* End PBXContainerItemProxy section */

/* Begin PBXCopyFilesBuildPhase section */
		387B964B2229973700824498 /* Embed Frameworks */ = {
			isa = PBXCopyFilesBuildPhase;
			buildActionMask = 2147483647;
			dstPath = "";
			dstSubfolderSpec = 10;
			files = (
			);
			name = "Embed Frameworks";
			runOnlyForDeploymentPostprocessing = 0;
		};
/* End PBXCopyFilesBuildPhase section */

/* Begin PBXFileReference section */
		3861A4A2222691B70040D819 /* ImagesVC.swift */ = {isa = PBXFileReference; lastKnownFileType = sourcecode.swift; path = ImagesVC.swift; sourceTree = "<group>"; };
		388BE2F122299B01005BF44B /* CGPoint+Literals.swift */ = {isa = PBXFileReference; fileEncoding = 4; lastKnownFileType = sourcecode.swift; path = "CGPoint+Literals.swift"; sourceTree = "<group>"; };
		388BE2F222299B01005BF44B /* CGSize+Literals.swift */ = {isa = PBXFileReference; fileEncoding = 4; lastKnownFileType = sourcecode.swift; path = "CGSize+Literals.swift"; sourceTree = "<group>"; };
		388BE2F322299B01005BF44B /* UIEdgeInsets+Literals.swift */ = {isa = PBXFileReference; fileEncoding = 4; lastKnownFileType = sourcecode.swift; path = "UIEdgeInsets+Literals.swift"; sourceTree = "<group>"; };
		388BE2F422299B01005BF44B /* UIOffset+Literals.swift */ = {isa = PBXFileReference; fileEncoding = 4; lastKnownFileType = sourcecode.swift; path = "UIOffset+Literals.swift"; sourceTree = "<group>"; };
		388BE2F522299B01005BF44B /* CGRect+Literals.swift */ = {isa = PBXFileReference; fileEncoding = 4; lastKnownFileType = sourcecode.swift; path = "CGRect+Literals.swift"; sourceTree = "<group>"; };
		388BE2FB2229A458005BF44B /* BaseView.swift */ = {isa = PBXFileReference; lastKnownFileType = sourcecode.swift; path = BaseView.swift; sourceTree = "<group>"; };
		388BE30E222ABBA5005BF44B /* PreviewView.swift */ = {isa = PBXFileReference; fileEncoding = 4; lastKnownFileType = sourcecode.swift; path = PreviewView.swift; sourceTree = "<group>"; };
		388BE30F222ABBA5005BF44B /* ColorSlider.swift */ = {isa = PBXFileReference; fileEncoding = 4; lastKnownFileType = sourcecode.swift; path = ColorSlider.swift; sourceTree = "<group>"; };
		388BE310222ABBA5005BF44B /* Gradient.swift */ = {isa = PBXFileReference; fileEncoding = 4; lastKnownFileType = sourcecode.swift; path = Gradient.swift; sourceTree = "<group>"; };
		388BE311222ABBA5005BF44B /* ColorSliderExtensions.swift */ = {isa = PBXFileReference; fileEncoding = 4; lastKnownFileType = sourcecode.swift; path = ColorSliderExtensions.swift; sourceTree = "<group>"; };
		388BE312222ABBA5005BF44B /* GradientView.swift */ = {isa = PBXFileReference; fileEncoding = 4; lastKnownFileType = sourcecode.swift; path = GradientView.swift; sourceTree = "<group>"; };
		388BE313222ABBA5005BF44B /* HSBColor.swift */ = {isa = PBXFileReference; fileEncoding = 4; lastKnownFileType = sourcecode.swift; path = HSBColor.swift; sourceTree = "<group>"; };
		388BE314222ABBA5005BF44B /* DefaultPreviewView.swift */ = {isa = PBXFileReference; fileEncoding = 4; lastKnownFileType = sourcecode.swift; path = DefaultPreviewView.swift; sourceTree = "<group>"; };
		388BE31C222ABC94005BF44B /* ColorPickerView.swift */ = {isa = PBXFileReference; lastKnownFileType = sourcecode.swift; path = ColorPickerView.swift; sourceTree = "<group>"; };
		389B938C222766BB009FE9E6 /* QMImageBackingLayer.swift */ = {isa = PBXFileReference; lastKnownFileType = sourcecode.swift; path = QMImageBackingLayer.swift; sourceTree = "<group>"; };
		389B938E2227689E009FE9E6 /* Utils.swift */ = {isa = PBXFileReference; lastKnownFileType = sourcecode.swift; path = Utils.swift; sourceTree = "<group>"; };
		389B9391222769CD009FE9E6 /* Dimensions.swift */ = {isa = PBXFileReference; lastKnownFileType = sourcecode.swift; path = Dimensions.swift; sourceTree = "<group>"; };
		389B939322276B55009FE9E6 /* QMBaseVC.swift */ = {isa = PBXFileReference; lastKnownFileType = sourcecode.swift; path = QMBaseVC.swift; sourceTree = "<group>"; };
		389B939522276BAD009FE9E6 /* Extensions.swift */ = {isa = PBXFileReference; lastKnownFileType = sourcecode.swift; path = Extensions.swift; sourceTree = "<group>"; };
		389B939722277A77009FE9E6 /* CreateButton.swift */ = {isa = PBXFileReference; lastKnownFileType = sourcecode.swift; path = CreateButton.swift; sourceTree = "<group>"; };
		389B93992227834E009FE9E6 /* BlankImageBackingLayer.swift */ = {isa = PBXFileReference; lastKnownFileType = sourcecode.swift; path = BlankImageBackingLayer.swift; sourceTree = "<group>"; };
		38FEDBE6222352D90005EB60 /* QuotesMaker.app */ = {isa = PBXFileReference; explicitFileType = wrapper.application; includeInIndex = 0; path = QuotesMaker.app; sourceTree = BUILT_PRODUCTS_DIR; };
		38FEDBE9222352D90005EB60 /* AppDelegate.swift */ = {isa = PBXFileReference; lastKnownFileType = sourcecode.swift; path = AppDelegate.swift; sourceTree = "<group>"; };
		38FEDBEE222352D90005EB60 /* Base */ = {isa = PBXFileReference; lastKnownFileType = file.storyboard; name = Base; path = Base.lproj/Main.storyboard; sourceTree = "<group>"; };
		38FEDBF0222352DB0005EB60 /* Assets.xcassets */ = {isa = PBXFileReference; lastKnownFileType = folder.assetcatalog; path = Assets.xcassets; sourceTree = "<group>"; };
		38FEDBF3222352DB0005EB60 /* Base */ = {isa = PBXFileReference; lastKnownFileType = file.storyboard; name = Base; path = Base.lproj/LaunchScreen.storyboard; sourceTree = "<group>"; };
		38FEDBF5222352DB0005EB60 /* Info.plist */ = {isa = PBXFileReference; lastKnownFileType = text.plist.xml; path = Info.plist; sourceTree = "<group>"; };
		38FEDBFA222352DB0005EB60 /* QuotesMakerTests.xctest */ = {isa = PBXFileReference; explicitFileType = wrapper.cfbundle; includeInIndex = 0; path = QuotesMakerTests.xctest; sourceTree = BUILT_PRODUCTS_DIR; };
		38FEDBFE222352DB0005EB60 /* QuotesMakerTests.swift */ = {isa = PBXFileReference; lastKnownFileType = sourcecode.swift; path = QuotesMakerTests.swift; sourceTree = "<group>"; };
		38FEDC00222352DB0005EB60 /* Info.plist */ = {isa = PBXFileReference; lastKnownFileType = text.plist.xml; path = Info.plist; sourceTree = "<group>"; };
		38FEDC09222354970005EB60 /* HomeVC.swift */ = {isa = PBXFileReference; lastKnownFileType = sourcecode.swift; path = HomeVC.swift; sourceTree = "<group>"; };
		38FEDC0B222356BD0005EB60 /* QMImageEngine.swift */ = {isa = PBXFileReference; lastKnownFileType = sourcecode.swift; path = QMImageEngine.swift; sourceTree = "<group>"; };
/* End PBXFileReference section */

/* Begin PBXFrameworksBuildPhase section */
		38FEDBE3222352D90005EB60 /* Frameworks */ = {
			isa = PBXFrameworksBuildPhase;
			buildActionMask = 2147483647;
			files = (
			);
			runOnlyForDeploymentPostprocessing = 0;
		};
		38FEDBF7222352DB0005EB60 /* Frameworks */ = {
			isa = PBXFrameworksBuildPhase;
			buildActionMask = 2147483647;
			files = (
			);
			runOnlyForDeploymentPostprocessing = 0;
		};
/* End PBXFrameworksBuildPhase section */

/* Begin PBXGroup section */
		387B96472229966F00824498 /* Frameworks */ = {
			isa = PBXGroup;
			children = (
				388BE30D222ABBA5005BF44B /* Color Slider */,
				388BE2F022299B01005BF44B /* LiteralExtensions */,
			);
			path = Frameworks;
			sourceTree = "<group>";
		};
		388BE2F022299B01005BF44B /* LiteralExtensions */ = {
			isa = PBXGroup;
			children = (
				388BE2F122299B01005BF44B /* CGPoint+Literals.swift */,
				388BE2F222299B01005BF44B /* CGSize+Literals.swift */,
				388BE2F322299B01005BF44B /* UIEdgeInsets+Literals.swift */,
				388BE2F422299B01005BF44B /* UIOffset+Literals.swift */,
				388BE2F522299B01005BF44B /* CGRect+Literals.swift */,
			);
			path = LiteralExtensions;
			sourceTree = "<group>";
		};
		388BE30D222ABBA5005BF44B /* Color Slider */ = {
			isa = PBXGroup;
			children = (
				388BE30E222ABBA5005BF44B /* PreviewView.swift */,
				388BE30F222ABBA5005BF44B /* ColorSlider.swift */,
				388BE310222ABBA5005BF44B /* Gradient.swift */,
				388BE311222ABBA5005BF44B /* ColorSliderExtensions.swift */,
				388BE312222ABBA5005BF44B /* GradientView.swift */,
				388BE313222ABBA5005BF44B /* HSBColor.swift */,
				388BE314222ABBA5005BF44B /* DefaultPreviewView.swift */,
			);
			path = "Color Slider";
			sourceTree = "<group>";
		};
		389B938822275C88009FE9E6 /* Models */ = {
			isa = PBXGroup;
			children = (
			);
			path = Models;
			sourceTree = "<group>";
		};
		389B938922275CA1009FE9E6 /* Views */ = {
			isa = PBXGroup;
			children = (
				389B939722277A77009FE9E6 /* CreateButton.swift */,
				388BE31C222ABC94005BF44B /* ColorPickerView.swift */,
			);
			path = Views;
			sourceTree = "<group>";
		};
		389B938A22275CAB009FE9E6 /* Controller */ = {
			isa = PBXGroup;
			children = (
				38FEDC09222354970005EB60 /* HomeVC.swift */,
				389B939322276B55009FE9E6 /* QMBaseVC.swift */,
			);
			path = Controller;
			sourceTree = "<group>";
		};
		389B938B22275CB9009FE9E6 /* Core */ = {
			isa = PBXGroup;
			children = (
				389B9391222769CD009FE9E6 /* Dimensions.swift */,
				389B938C222766BB009FE9E6 /* QMImageBackingLayer.swift */,
				389B938E2227689E009FE9E6 /* Utils.swift */,
				389B93992227834E009FE9E6 /* BlankImageBackingLayer.swift */,
				388BE2FB2229A458005BF44B /* BaseView.swift */,
			);
			path = Core;
			sourceTree = "<group>";
		};
		389B9390222768C7009FE9E6 /* Extensions */ = {
			isa = PBXGroup;
			children = (
				389B939522276BAD009FE9E6 /* Extensions.swift */,
			);
			path = Extensions;
			sourceTree = "<group>";
		};
		38FEDBDD222352D90005EB60 = {
			isa = PBXGroup;
			children = (
				38FEDBE8222352D90005EB60 /* QuotesMaker */,
				38FEDBFD222352DB0005EB60 /* QuotesMakerTests */,
				38FEDBE7222352D90005EB60 /* Products */,
			);
			sourceTree = "<group>";
		};
		38FEDBE7222352D90005EB60 /* Products */ = {
			isa = PBXGroup;
			children = (
				38FEDBE6222352D90005EB60 /* QuotesMaker.app */,
				38FEDBFA222352DB0005EB60 /* QuotesMakerTests.xctest */,
			);
			name = Products;
			sourceTree = "<group>";
		};
		38FEDBE8222352D90005EB60 /* QuotesMaker */ = {
			isa = PBXGroup;
			children = (
				387B96472229966F00824498 /* Frameworks */,
				389B9390222768C7009FE9E6 /* Extensions */,
				389B938B22275CB9009FE9E6 /* Core */,
				389B938A22275CAB009FE9E6 /* Controller */,
				389B938922275CA1009FE9E6 /* Views */,
				389B938822275C88009FE9E6 /* Models */,
				38FEDBE9222352D90005EB60 /* AppDelegate.swift */,
				38FEDBED222352D90005EB60 /* Main.storyboard */,
				38FEDBF0222352DB0005EB60 /* Assets.xcassets */,
				38FEDBF2222352DB0005EB60 /* LaunchScreen.storyboard */,
				38FEDBF5222352DB0005EB60 /* Info.plist */,
				38FEDC0B222356BD0005EB60 /* QMImageEngine.swift */,
				3861A4A2222691B70040D819 /* ImagesVC.swift */,
			);
			path = QuotesMaker;
			sourceTree = "<group>";
		};
		38FEDBFD222352DB0005EB60 /* QuotesMakerTests */ = {
			isa = PBXGroup;
			children = (
				38FEDBFE222352DB0005EB60 /* QuotesMakerTests.swift */,
				38FEDC00222352DB0005EB60 /* Info.plist */,
			);
			path = QuotesMakerTests;
			sourceTree = "<group>";
		};
/* End PBXGroup section */

/* Begin PBXNativeTarget section */
		38FEDBE5222352D90005EB60 /* QuotesMaker */ = {
			isa = PBXNativeTarget;
			buildConfigurationList = 38FEDC03222352DB0005EB60 /* Build configuration list for PBXNativeTarget "QuotesMaker" */;
			buildPhases = (
				38FEDBE2222352D90005EB60 /* Sources */,
				38FEDBE3222352D90005EB60 /* Frameworks */,
				38FEDBE4222352D90005EB60 /* Resources */,
				387B964B2229973700824498 /* Embed Frameworks */,
			);
			buildRules = (
			);
			dependencies = (
			);
			name = QuotesMaker;
			productName = QuotesMaker;
			productReference = 38FEDBE6222352D90005EB60 /* QuotesMaker.app */;
			productType = "com.apple.product-type.application";
		};
		38FEDBF9222352DB0005EB60 /* QuotesMakerTests */ = {
			isa = PBXNativeTarget;
			buildConfigurationList = 38FEDC06222352DB0005EB60 /* Build configuration list for PBXNativeTarget "QuotesMakerTests" */;
			buildPhases = (
				38FEDBF6222352DB0005EB60 /* Sources */,
				38FEDBF7222352DB0005EB60 /* Frameworks */,
				38FEDBF8222352DB0005EB60 /* Resources */,
			);
			buildRules = (
			);
			dependencies = (
				38FEDBFC222352DB0005EB60 /* PBXTargetDependency */,
			);
			name = QuotesMakerTests;
			productName = QuotesMakerTests;
			productReference = 38FEDBFA222352DB0005EB60 /* QuotesMakerTests.xctest */;
			productType = "com.apple.product-type.bundle.unit-test";
		};
/* End PBXNativeTarget section */

/* Begin PBXProject section */
		38FEDBDE222352D90005EB60 /* Project object */ = {
			isa = PBXProject;
			attributes = {
				LastSwiftUpdateCheck = 1010;
				LastUpgradeCheck = 1010;
				ORGANIZATIONNAME = "Shadrach Mensah";
				TargetAttributes = {
					38FEDBE5222352D90005EB60 = {
						CreatedOnToolsVersion = 10.1;
					};
					38FEDBF9222352DB0005EB60 = {
						CreatedOnToolsVersion = 10.1;
						TestTargetID = 38FEDBE5222352D90005EB60;
					};
				};
			};
			buildConfigurationList = 38FEDBE1222352D90005EB60 /* Build configuration list for PBXProject "QuotesMaker" */;
			compatibilityVersion = "Xcode 9.3";
			developmentRegion = en;
			hasScannedForEncodings = 0;
			knownRegions = (
				en,
				Base,
			);
			mainGroup = 38FEDBDD222352D90005EB60;
			productRefGroup = 38FEDBE7222352D90005EB60 /* Products */;
			projectDirPath = "";
			projectRoot = "";
			targets = (
				38FEDBE5222352D90005EB60 /* QuotesMaker */,
				38FEDBF9222352DB0005EB60 /* QuotesMakerTests */,
			);
		};
/* End PBXProject section */

/* Begin PBXResourcesBuildPhase section */
		38FEDBE4222352D90005EB60 /* Resources */ = {
			isa = PBXResourcesBuildPhase;
			buildActionMask = 2147483647;
			files = (
				38FEDBF4222352DB0005EB60 /* LaunchScreen.storyboard in Resources */,
				38FEDBF1222352DB0005EB60 /* Assets.xcassets in Resources */,
				38FEDBEF222352D90005EB60 /* Main.storyboard in Resources */,
			);
			runOnlyForDeploymentPostprocessing = 0;
		};
		38FEDBF8222352DB0005EB60 /* Resources */ = {
			isa = PBXResourcesBuildPhase;
			buildActionMask = 2147483647;
			files = (
			);
			runOnlyForDeploymentPostprocessing = 0;
		};
/* End PBXResourcesBuildPhase section */

/* Begin PBXSourcesBuildPhase section */
		38FEDBE2222352D90005EB60 /* Sources */ = {
			isa = PBXSourcesBuildPhase;
			buildActionMask = 2147483647;
			files = (
				3861A4A3222691B70040D819 /* ImagesVC.swift in Sources */,
				389B939822277A77009FE9E6 /* CreateButton.swift in Sources */,
				388BE319222ABBA5005BF44B /* GradientView.swift in Sources */,
				388BE316222ABBA5005BF44B /* ColorSlider.swift in Sources */,
				389B939622276BAD009FE9E6 /* Extensions.swift in Sources */,
				388BE2FC2229A458005BF44B /* BaseView.swift in Sources */,
				388BE2FA22299B01005BF44B /* CGRect+Literals.swift in Sources */,
				38FEDC0C222356BD0005EB60 /* QMImageEngine.swift in Sources */,
				388BE2F722299B01005BF44B /* CGSize+Literals.swift in Sources */,
				388BE2F622299B01005BF44B /* CGPoint+Literals.swift in Sources */,
				388BE2F822299B01005BF44B /* UIEdgeInsets+Literals.swift in Sources */,
				388BE318222ABBA5005BF44B /* ColorSliderExtensions.swift in Sources */,
				38FEDBEA222352D90005EB60 /* AppDelegate.swift in Sources */,
				389B939A2227834E009FE9E6 /* BlankImageBackingLayer.swift in Sources */,
				388BE31D222ABC94005BF44B /* ColorPickerView.swift in Sources */,
				388BE315222ABBA5005BF44B /* PreviewView.swift in Sources */,
				389B939422276B55009FE9E6 /* QMBaseVC.swift in Sources */,
				388BE2F922299B01005BF44B /* UIOffset+Literals.swift in Sources */,
				388BE317222ABBA5005BF44B /* Gradient.swift in Sources */,
				389B938D222766BB009FE9E6 /* QMImageBackingLayer.swift in Sources */,
				38FEDC0A222354970005EB60 /* HomeVC.swift in Sources */,
				388BE31A222ABBA5005BF44B /* HSBColor.swift in Sources */,
				388BE31B222ABBA5005BF44B /* DefaultPreviewView.swift in Sources */,
				389B9392222769CD009FE9E6 /* Dimensions.swift in Sources */,
				389B938F2227689E009FE9E6 /* Utils.swift in Sources */,
			);
			runOnlyForDeploymentPostprocessing = 0;
		};
		38FEDBF6222352DB0005EB60 /* Sources */ = {
			isa = PBXSourcesBuildPhase;
			buildActionMask = 2147483647;
			files = (
				38FEDBFF222352DB0005EB60 /* QuotesMakerTests.swift in Sources */,
			);
			runOnlyForDeploymentPostprocessing = 0;
		};
/* End PBXSourcesBuildPhase section */

/* Begin PBXTargetDependency section */
		38FEDBFC222352DB0005EB60 /* PBXTargetDependency */ = {
			isa = PBXTargetDependency;
			target = 38FEDBE5222352D90005EB60 /* QuotesMaker */;
			targetProxy = 38FEDBFB222352DB0005EB60 /* PBXContainerItemProxy */;
		};
/* End PBXTargetDependency section */

/* Begin PBXVariantGroup section */
		38FEDBED222352D90005EB60 /* Main.storyboard */ = {
			isa = PBXVariantGroup;
			children = (
				38FEDBEE222352D90005EB60 /* Base */,
			);
			name = Main.storyboard;
			sourceTree = "<group>";
		};
		38FEDBF2222352DB0005EB60 /* LaunchScreen.storyboard */ = {
			isa = PBXVariantGroup;
			children = (
				38FEDBF3222352DB0005EB60 /* Base */,
			);
			name = LaunchScreen.storyboard;
			sourceTree = "<group>";
		};
/* End PBXVariantGroup section */

/* Begin XCBuildConfiguration section */
		38FEDC01222352DB0005EB60 /* Debug */ = {
			isa = XCBuildConfiguration;
			buildSettings = {
				ALWAYS_SEARCH_USER_PATHS = NO;
				CLANG_ANALYZER_NONNULL = YES;
				CLANG_ANALYZER_NUMBER_OBJECT_CONVERSION = YES_AGGRESSIVE;
				CLANG_CXX_LANGUAGE_STANDARD = "gnu++14";
				CLANG_CXX_LIBRARY = "libc++";
				CLANG_ENABLE_MODULES = YES;
				CLANG_ENABLE_OBJC_ARC = YES;
				CLANG_ENABLE_OBJC_WEAK = YES;
				CLANG_WARN_BLOCK_CAPTURE_AUTORELEASING = YES;
				CLANG_WARN_BOOL_CONVERSION = YES;
				CLANG_WARN_COMMA = YES;
				CLANG_WARN_CONSTANT_CONVERSION = YES;
				CLANG_WARN_DEPRECATED_OBJC_IMPLEMENTATIONS = YES;
				CLANG_WARN_DIRECT_OBJC_ISA_USAGE = YES_ERROR;
				CLANG_WARN_DOCUMENTATION_COMMENTS = YES;
				CLANG_WARN_EMPTY_BODY = YES;
				CLANG_WARN_ENUM_CONVERSION = YES;
				CLANG_WARN_INFINITE_RECURSION = YES;
				CLANG_WARN_INT_CONVERSION = YES;
				CLANG_WARN_NON_LITERAL_NULL_CONVERSION = YES;
				CLANG_WARN_OBJC_IMPLICIT_RETAIN_SELF = YES;
				CLANG_WARN_OBJC_LITERAL_CONVERSION = YES;
				CLANG_WARN_OBJC_ROOT_CLASS = YES_ERROR;
				CLANG_WARN_RANGE_LOOP_ANALYSIS = YES;
				CLANG_WARN_STRICT_PROTOTYPES = YES;
				CLANG_WARN_SUSPICIOUS_MOVE = YES;
				CLANG_WARN_UNGUARDED_AVAILABILITY = YES_AGGRESSIVE;
				CLANG_WARN_UNREACHABLE_CODE = YES;
				CLANG_WARN__DUPLICATE_METHOD_MATCH = YES;
				CODE_SIGN_IDENTITY = "iPhone Developer";
				COPY_PHASE_STRIP = NO;
				DEBUG_INFORMATION_FORMAT = dwarf;
				ENABLE_STRICT_OBJC_MSGSEND = YES;
				ENABLE_TESTABILITY = YES;
				GCC_C_LANGUAGE_STANDARD = gnu11;
				GCC_DYNAMIC_NO_PIC = NO;
				GCC_NO_COMMON_BLOCKS = YES;
				GCC_OPTIMIZATION_LEVEL = 0;
				GCC_PREPROCESSOR_DEFINITIONS = (
					"DEBUG=1",
					"$(inherited)",
				);
				GCC_WARN_64_TO_32_BIT_CONVERSION = YES;
				GCC_WARN_ABOUT_RETURN_TYPE = YES_ERROR;
				GCC_WARN_UNDECLARED_SELECTOR = YES;
				GCC_WARN_UNINITIALIZED_AUTOS = YES_AGGRESSIVE;
				GCC_WARN_UNUSED_FUNCTION = YES;
				GCC_WARN_UNUSED_VARIABLE = YES;
				IPHONEOS_DEPLOYMENT_TARGET = 12.1;
				MTL_ENABLE_DEBUG_INFO = INCLUDE_SOURCE;
				MTL_FAST_MATH = YES;
				ONLY_ACTIVE_ARCH = YES;
				SDKROOT = iphoneos;
				SWIFT_ACTIVE_COMPILATION_CONDITIONS = DEBUG;
				SWIFT_OPTIMIZATION_LEVEL = "-Onone";
			};
			name = Debug;
		};
		38FEDC02222352DB0005EB60 /* Release */ = {
			isa = XCBuildConfiguration;
			buildSettings = {
				ALWAYS_SEARCH_USER_PATHS = NO;
				CLANG_ANALYZER_NONNULL = YES;
				CLANG_ANALYZER_NUMBER_OBJECT_CONVERSION = YES_AGGRESSIVE;
				CLANG_CXX_LANGUAGE_STANDARD = "gnu++14";
				CLANG_CXX_LIBRARY = "libc++";
				CLANG_ENABLE_MODULES = YES;
				CLANG_ENABLE_OBJC_ARC = YES;
				CLANG_ENABLE_OBJC_WEAK = YES;
				CLANG_WARN_BLOCK_CAPTURE_AUTORELEASING = YES;
				CLANG_WARN_BOOL_CONVERSION = YES;
				CLANG_WARN_COMMA = YES;
				CLANG_WARN_CONSTANT_CONVERSION = YES;
				CLANG_WARN_DEPRECATED_OBJC_IMPLEMENTATIONS = YES;
				CLANG_WARN_DIRECT_OBJC_ISA_USAGE = YES_ERROR;
				CLANG_WARN_DOCUMENTATION_COMMENTS = YES;
				CLANG_WARN_EMPTY_BODY = YES;
				CLANG_WARN_ENUM_CONVERSION = YES;
				CLANG_WARN_INFINITE_RECURSION = YES;
				CLANG_WARN_INT_CONVERSION = YES;
				CLANG_WARN_NON_LITERAL_NULL_CONVERSION = YES;
				CLANG_WARN_OBJC_IMPLICIT_RETAIN_SELF = YES;
				CLANG_WARN_OBJC_LITERAL_CONVERSION = YES;
				CLANG_WARN_OBJC_ROOT_CLASS = YES_ERROR;
				CLANG_WARN_RANGE_LOOP_ANALYSIS = YES;
				CLANG_WARN_STRICT_PROTOTYPES = YES;
				CLANG_WARN_SUSPICIOUS_MOVE = YES;
				CLANG_WARN_UNGUARDED_AVAILABILITY = YES_AGGRESSIVE;
				CLANG_WARN_UNREACHABLE_CODE = YES;
				CLANG_WARN__DUPLICATE_METHOD_MATCH = YES;
				CODE_SIGN_IDENTITY = "iPhone Developer";
				COPY_PHASE_STRIP = NO;
				DEBUG_INFORMATION_FORMAT = "dwarf-with-dsym";
				ENABLE_NS_ASSERTIONS = NO;
				ENABLE_STRICT_OBJC_MSGSEND = YES;
				GCC_C_LANGUAGE_STANDARD = gnu11;
				GCC_NO_COMMON_BLOCKS = YES;
				GCC_WARN_64_TO_32_BIT_CONVERSION = YES;
				GCC_WARN_ABOUT_RETURN_TYPE = YES_ERROR;
				GCC_WARN_UNDECLARED_SELECTOR = YES;
				GCC_WARN_UNINITIALIZED_AUTOS = YES_AGGRESSIVE;
				GCC_WARN_UNUSED_FUNCTION = YES;
				GCC_WARN_UNUSED_VARIABLE = YES;
				IPHONEOS_DEPLOYMENT_TARGET = 12.1;
				MTL_ENABLE_DEBUG_INFO = NO;
				MTL_FAST_MATH = YES;
				SDKROOT = iphoneos;
				SWIFT_COMPILATION_MODE = wholemodule;
				SWIFT_OPTIMIZATION_LEVEL = "-O";
				VALIDATE_PRODUCT = YES;
			};
			name = Release;
		};
		38FEDC04222352DB0005EB60 /* Debug */ = {
			isa = XCBuildConfiguration;
			buildSettings = {
				ASSETCATALOG_COMPILER_APPICON_NAME = AppIcon;
				CODE_SIGN_STYLE = Automatic;
				DEVELOPMENT_TEAM = MB46J93Q7Z;
				INFOPLIST_FILE = QuotesMaker/Info.plist;
				LD_RUNPATH_SEARCH_PATHS = (
					"$(inherited)",
					"@executable_path/Frameworks",
				);
				PRODUCT_BUNDLE_IDENTIFIER = com.codesworth.QuotesMaker;
				PRODUCT_NAME = "$(TARGET_NAME)";
				SWIFT_VERSION = 4.2;
				TARGETED_DEVICE_FAMILY = "1,2";
			};
			name = Debug;
		};
		38FEDC05222352DB0005EB60 /* Release */ = {
			isa = XCBuildConfiguration;
			buildSettings = {
				ASSETCATALOG_COMPILER_APPICON_NAME = AppIcon;
				CODE_SIGN_STYLE = Automatic;
				DEVELOPMENT_TEAM = MB46J93Q7Z;
				INFOPLIST_FILE = QuotesMaker/Info.plist;
				LD_RUNPATH_SEARCH_PATHS = (
					"$(inherited)",
					"@executable_path/Frameworks",
				);
				PRODUCT_BUNDLE_IDENTIFIER = com.codesworth.QuotesMaker;
				PRODUCT_NAME = "$(TARGET_NAME)";
				SWIFT_VERSION = 4.2;
				TARGETED_DEVICE_FAMILY = "1,2";
			};
			name = Release;
		};
		38FEDC07222352DB0005EB60 /* Debug */ = {
			isa = XCBuildConfiguration;
			buildSettings = {
				ALWAYS_EMBED_SWIFT_STANDARD_LIBRARIES = YES;
				BUNDLE_LOADER = "$(TEST_HOST)";
				CODE_SIGN_STYLE = Automatic;
				DEVELOPMENT_TEAM = MB46J93Q7Z;
				INFOPLIST_FILE = QuotesMakerTests/Info.plist;
				LD_RUNPATH_SEARCH_PATHS = (
					"$(inherited)",
					"@executable_path/Frameworks",
					"@loader_path/Frameworks",
				);
				PRODUCT_BUNDLE_IDENTIFIER = com.codesworth.QuotesMakerTests;
				PRODUCT_NAME = "$(TARGET_NAME)";
				SWIFT_VERSION = 4.2;
				TARGETED_DEVICE_FAMILY = "1,2";
				TEST_HOST = "$(BUILT_PRODUCTS_DIR)/QuotesMaker.app/QuotesMaker";
			};
			name = Debug;
		};
		38FEDC08222352DB0005EB60 /* Release */ = {
			isa = XCBuildConfiguration;
			buildSettings = {
				ALWAYS_EMBED_SWIFT_STANDARD_LIBRARIES = YES;
				BUNDLE_LOADER = "$(TEST_HOST)";
				CODE_SIGN_STYLE = Automatic;
				DEVELOPMENT_TEAM = MB46J93Q7Z;
				INFOPLIST_FILE = QuotesMakerTests/Info.plist;
				LD_RUNPATH_SEARCH_PATHS = (
					"$(inherited)",
					"@executable_path/Frameworks",
					"@loader_path/Frameworks",
				);
				PRODUCT_BUNDLE_IDENTIFIER = com.codesworth.QuotesMakerTests;
				PRODUCT_NAME = "$(TARGET_NAME)";
				SWIFT_VERSION = 4.2;
				TARGETED_DEVICE_FAMILY = "1,2";
				TEST_HOST = "$(BUILT_PRODUCTS_DIR)/QuotesMaker.app/QuotesMaker";
			};
			name = Release;
		};
/* End XCBuildConfiguration section */

/* Begin XCConfigurationList section */
		38FEDBE1222352D90005EB60 /* Build configuration list for PBXProject "QuotesMaker" */ = {
			isa = XCConfigurationList;
			buildConfigurations = (
				38FEDC01222352DB0005EB60 /* Debug */,
				38FEDC02222352DB0005EB60 /* Release */,
			);
			defaultConfigurationIsVisible = 0;
			defaultConfigurationName = Release;
		};
		38FEDC03222352DB0005EB60 /* Build configuration list for PBXNativeTarget "QuotesMaker" */ = {
			isa = XCConfigurationList;
			buildConfigurations = (
				38FEDC04222352DB0005EB60 /* Debug */,
				38FEDC05222352DB0005EB60 /* Release */,
			);
			defaultConfigurationIsVisible = 0;
			defaultConfigurationName = Release;
		};
		38FEDC06222352DB0005EB60 /* Build configuration list for PBXNativeTarget "QuotesMakerTests" */ = {
			isa = XCConfigurationList;
			buildConfigurations = (
				38FEDC07222352DB0005EB60 /* Debug */,
				38FEDC08222352DB0005EB60 /* Release */,
			);
			defaultConfigurationIsVisible = 0;
			defaultConfigurationName = Release;
		};
/* End XCConfigurationList section */
	};
	rootObject = 38FEDBDE222352D90005EB60 /* Project object */;
}
